
Microsoft Visual Studio Solution File, Format Version 12.00
# Visual Studio Version 17
VisualStudioVersion = 17.4.33110.190
MinimumVisualStudioVersion = 10.0.40219.1
Project("{FAE04EC0-301F-11D3-BF4B-00C04F79EFBC}") = "IU", "IU\IU.csproj", "{7AE8CAA0-B769-4289-910B-B2DA0FA680BA}"
EndProject
Project("{FAE04EC0-301F-11D3-BF4B-00C04F79EFBC}") = "Afiliados", "Afiliados\Afiliados.csproj", "{C1FA4D62-47C4-4E49-979B-AB2AC8094513}"
EndProject
Project("{FAE04EC0-301F-11D3-BF4B-00C04F79EFBC}") = "Cargos", "Cargos\Cargos.csproj", "{D82AF098-B7E0-4CEA-AFC9-F40EC112BB3F}"
EndProject
Project("{FAE04EC0-301F-11D3-BF4B-00C04F79EFBC}") = "Ahorros", "Ahorros\Ahorros.csproj", "{C283CF7B-BECD-4903-85EF-5A9C0EBC88C4}"
EndProject
Project("{FAE04EC0-301F-11D3-BF4B-00C04F79EFBC}") = "Prestamos", "Prestamos\Prestamos.csproj", "{DCA01A5C-375E-4486-B332-DCCEDAFFE583}"
EndProject
Project("{FAE04EC0-301F-11D3-BF4B-00C04F79EFBC}") = "Tesorerias", "Tesorerias\Tesorerias.csproj", "{A4706F66-086E-4BAA-978F-C21F4261AD38}"
EndProject
Project("{FAE04EC0-301F-11D3-BF4B-00C04F79EFBC}") = "Bancos", "Bancos\Bancos.csproj", "{4D360D6C-EA95-4658-AE7C-1175006A32B4}"
EndProject
Project("{FAE04EC0-301F-11D3-BF4B-00C04F79EFBC}") = "Cobros", "Cobros\Cobros.csproj", "{946B6E79-7E4D-4F9E-BF17-C6D8CB0C70B9}"
EndProject
Project("{FAE04EC0-301F-11D3-BF4B-00C04F79EFBC}") = "Contabilidad", "Contabilidad\Contabilidad.csproj", "{8B99800A-5B0A-4EC1-9DC4-BFCB9AE480D8}"
EndProject
Project("{FAE04EC0-301F-11D3-BF4B-00C04F79EFBC}") = "Haberes", "Haberes\Haberes.csproj", "{A585D4DF-2503-47D7-8EDD-843BF9F724FD}"
EndProject
Project("{FAE04EC0-301F-11D3-BF4B-00C04F79EFBC}") = "Expedientes", "Expedientes\Expedientes.csproj", "{84ECFB47-87CC-4393-8413-B68623151C9D}"
EndProject
Project("{FAE04EC0-301F-11D3-BF4B-00C04F79EFBC}") = "Subsidios", "Subsidios\Subsidios.csproj", "{A5A251D3-C840-4F5B-8621-72455083B213}"
EndProject
Project("{FAE04EC0-301F-11D3-BF4B-00C04F79EFBC}") = "Proveedores", "Proveedores\Proveedores.csproj", "{388A48FF-9824-4D98-95F9-955D86631FDC}"
EndProject
Project("{FAE04EC0-301F-11D3-BF4B-00C04F79EFBC}") = "CuentasPagar", "CuentasPagar\CuentasPagar.csproj", "{31F014AA-6D91-459F-B287-4990D566ADCA}"
EndProject
Project("{FAE04EC0-301F-11D3-BF4B-00C04F79EFBC}") = "Compras", "Compras\Compras.csproj", "{62210549-5513-4667-AD96-99839BB77B19}"
EndProject
Project("{FAE04EC0-301F-11D3-BF4B-00C04F79EFBC}") = "Medicina", "Medicina\Medicina.csproj", "{223A909C-64D8-413B-BB3F-AE2E0A81A172}"
EndProject
Project("{FAE04EC0-301F-11D3-BF4B-00C04F79EFBC}") = "Facturas", "Facturas\Facturas.csproj", "{B11B88BA-D1E3-4001-ADC4-793ED38573A6}"
	ProjectSection(ProjectDependencies) = postProject
		{2F1D8807-4CC4-478B-94B6-06181C6F25FB} = {2F1D8807-4CC4-478B-94B6-06181C6F25FB}
	EndProjectSection
EndProject
Project("{FAE04EC0-301F-11D3-BF4B-00C04F79EFBC}") = "Afiliados.Entidades", "AfiliadosEntidades\Afiliados.Entidades.csproj", "{EE52EE32-3C17-477F-8F76-10FA409AD26B}"
EndProject
Project("{FAE04EC0-301F-11D3-BF4B-00C04F79EFBC}") = "Ahorros.Entidades", "Ahorros.Entidades\Ahorros.Entidades.csproj", "{F3B471D2-3B16-4E52-B0EB-9CB90B449896}"
EndProject
Project("{FAE04EC0-301F-11D3-BF4B-00C04F79EFBC}") = "Contabilidad.Entidades", "Contabilidad.Entidades\Contabilidad.Entidades.csproj", "{41A92DC3-14F9-4550-90EF-9C91E46BE02C}"
EndProject
Project("{FAE04EC0-301F-11D3-BF4B-00C04F79EFBC}") = "CuentasPagar.Entidades", "CuentasPagar.Entidades\CuentasPagar.Entidades.csproj", "{542289C9-7113-4FE1-B40E-896670A1BB67}"
EndProject
Project("{FAE04EC0-301F-11D3-BF4B-00C04F79EFBC}") = "Bancos.Entidades", "Bancos.Entidades\Bancos.Entidades.csproj", "{B6A231EF-198A-4201-85C1-7C6444192F4D}"
EndProject
Project("{FAE04EC0-301F-11D3-BF4B-00C04F79EFBC}") = "Compras.Entidades", "Compras.Entidades\Compras.Entidades.csproj", "{89FDD7C8-3E4E-487E-BB9F-FFB549C006C4}"
EndProject
Project("{FAE04EC0-301F-11D3-BF4B-00C04F79EFBC}") = "Proveedores.Entidades", "Proveedores.Entidades\Proveedores.Entidades.csproj", "{77C7638A-B2B1-42E2-A1D6-26A2EAA8C4A8}"
EndProject
Project("{FAE04EC0-301F-11D3-BF4B-00C04F79EFBC}") = "Prestamos.Entidades", "Prestamos.Entidades\Prestamos.Entidades.csproj", "{A6549DD4-ED24-4A95-B9E3-A9DAA21C9F7B}"
EndProject
Project("{FAE04EC0-301F-11D3-BF4B-00C04F79EFBC}") = "Cargos.Entidades", "Cargos.Entidades\Cargos.Entidades.csproj", "{FA35DFDF-8667-4BE9-A2E2-6623E47558EC}"
EndProject
Project("{FAE04EC0-301F-11D3-BF4B-00C04F79EFBC}") = "Subsidios.Entidades", "Subsidios.Entidades\Subsidios.Entidades.csproj", "{20AC36F8-12D6-43BB-B5AF-92F6CFB66393}"
EndProject
Project("{FAE04EC0-301F-11D3-BF4B-00C04F79EFBC}") = "Expedientes.Entidades", "Expedientes.Entidades\Expedientes.Entidades.csproj", "{6678529E-F30B-4FA6-9DA3-C2CBABE5D2B4}"
EndProject
Project("{FAE04EC0-301F-11D3-BF4B-00C04F79EFBC}") = "Cobros.Entidades", "Cobros.Entidades\Cobros.Entidades.csproj", "{279C7CB7-60DC-44A2-8067-6484E6B63C8D}"
EndProject
Project("{FAE04EC0-301F-11D3-BF4B-00C04F79EFBC}") = "Haberes.Entidades", "Haberes.Entidades\Haberes.Entidades.csproj", "{7DF622D9-9B17-4356-B85E-AB537285AFE4}"
EndProject
Project("{FAE04EC0-301F-11D3-BF4B-00C04F79EFBC}") = "Facturas.Entidades", "Facturas.Entidades\Facturas.Entidades.csproj", "{818A809A-D3BB-4A49-9C1B-BEDA136B36CD}"
EndProject
Project("{FAE04EC0-301F-11D3-BF4B-00C04F79EFBC}") = "Medicina.Entidades", "Medicina.Entidades\Medicina.Entidades.csproj", "{9CFBDC9A-336B-471C-A773-3087F19AFEC8}"
EndProject
Project("{FAE04EC0-301F-11D3-BF4B-00C04F79EFBC}") = "Tesorerias.Entidades", "Tesorerias.Entidades\Tesorerias.Entidades.csproj", "{EC8AE7AD-1CE3-4B55-9DAA-D8D8EF1B8AB9}"
EndProject
Project("{FAE04EC0-301F-11D3-BF4B-00C04F79EFBC}") = "ProcesosDatos.Entidades", "ProcesosDatos.Entidades\ProcesosDatos.Entidades.csproj", "{35878AA5-3795-4381-847A-CB0894F1712C}"
EndProject
Project("{FAE04EC0-301F-11D3-BF4B-00C04F79EFBC}") = "ProcesosDatos", "ProcesamientosDatos\ProcesosDatos.csproj", "{F69E5CE2-1E61-4600-B794-34150902D193}"
EndProject
Project("{FAE04EC0-301F-11D3-BF4B-00C04F79EFBC}") = "AFIP.WebServices", "AFIP.WebServices\AFIP.WebServices.csproj", "{9B2C541E-76BB-48A1-BC2D-6AB97742957E}"
EndProject
Project("{FAE04EC0-301F-11D3-BF4B-00C04F79EFBC}") = "Hoteles.Entidades", "Hoteles.Entidades\Hoteles.Entidades.csproj", "{34FA490A-C78F-437C-959B-1215E5263B1C}"
EndProject
Project("{FAE04EC0-301F-11D3-BF4B-00C04F79EFBC}") = "Hoteles", "Hoteles\Hoteles.csproj", "{CC288061-8BB1-4304-8694-D789B71F9108}"
EndProject
Project("{FAE04EC0-301F-11D3-BF4B-00C04F79EFBC}") = "Producciones", "Producciones\Producciones.csproj", "{B02A81A8-BE2F-45F0-A95F-A4FED1D653B3}"
EndProject
Project("{FAE04EC0-301F-11D3-BF4B-00C04F79EFBC}") = "Producciones.Entidades", "Producciones.Entidades\Producciones.Entidades.csproj", "{B7262117-B851-4C26-889F-FD32B627E501}"
EndProject
Project("{FAE04EC0-301F-11D3-BF4B-00C04F79EFBC}") = "WS", "WS\WS.csproj", "{2F1D8807-4CC4-478B-94B6-06181C6F25FB}"
EndProject
Project("{FAE04EC0-301F-11D3-BF4B-00C04F79EFBC}") = "Mailing", "Mailing\Mailing.csproj", "{6BBFFDCB-83A9-4C39-A31D-41E9367812AE}"
EndProject
Project("{FAE04EC0-301F-11D3-BF4B-00C04F79EFBC}") = "Mailing.Entidades", "Mailing.Entidades\Mailing.Entidades.csproj", "{529308C2-D50A-40C8-9FDF-23C40CC762DD}"
EndProject
Project("{FAE04EC0-301F-11D3-BF4B-00C04F79EFBC}") = "Arba.WebServices", "Arba.WebServices\Arba.WebServices.csproj", "{CBF4566A-5CBE-4821-883C-DDB9DC24D716}"
EndProject
Project("{FAE04EC0-301F-11D3-BF4B-00C04F79EFBC}") = "Wordpress", "Wordpress\Wordpress.csproj", "{4F63E845-351D-48C9-A7B2-E28982FBD337}"
EndProject
Project("{FAE04EC0-301F-11D3-BF4B-00C04F79EFBC}") = "IU.Backend", "IU.Backend\IU.Backend.csproj", "{AE24D757-D480-4CAA-BE1F-64F76E32AEB8}"
EndProject
Project("{FAE04EC0-301F-11D3-BF4B-00C04F79EFBC}") = "Nichos", "Nichos\Nichos.csproj", "{58565863-75A1-494F-BE49-36779FA494E9}"
EndProject
Project("{FAE04EC0-301F-11D3-BF4B-00C04F79EFBC}") = "Nichos.Entidades", "Nichos.Entidades\Nichos.Entidades.csproj", "{F5D8539D-2F6E-4355-A1ED-E2B6F1B09B50}"
EndProject
Project("{FAE04EC0-301F-11D3-BF4B-00C04F79EFBC}") = "LavaYa.Entidades", "LavaYa.Entidades\LavaYa.Entidades.csproj", "{C4E95AC0-D684-48F5-8ED2-20AA73CBC52E}"
EndProject
Project("{FAE04EC0-301F-11D3-BF4B-00C04F79EFBC}") = "LavaYa", "LavaYa\LavaYa.csproj", "{0497945C-FC2C-4001-9A65-59F5A4D049CE}"
EndProject
Project("{FAE04EC0-301F-11D3-BF4B-00C04F79EFBC}") = "CRM", "CRM\CRM.csproj", "{EEA40754-7300-4348-9DE4-00C9DD31434A}"
EndProject
Project("{FAE04EC0-301F-11D3-BF4B-00C04F79EFBC}") = "CRM.Entidades", "CRM.Entidades\CRM.Entidades.csproj", "{46063A35-0914-4945-94B4-55BF8622284C}"
EndProject
Project("{FAE04EC0-301F-11D3-BF4B-00C04F79EFBC}") = "Turismo", "Turismo\Turismo.csproj", "{5B34621B-2D0A-4B4A-B117-09DE9E0F077E}"
EndProject
Project("{FAE04EC0-301F-11D3-BF4B-00C04F79EFBC}") = "Turismo.Entidades", "Turismo.Entidades\Turismo.Entidades.csproj", "{E21499ED-B59D-4177-A4A5-526D471CFC60}"
EndProject
Project("{FAE04EC0-301F-11D3-BF4B-00C04F79EFBC}") = "Elecciones", "Elecciones\Elecciones.csproj", "{246A33A8-2E28-4827-971A-C6C92D902CAB}"
EndProject
Project("{FAE04EC0-301F-11D3-BF4B-00C04F79EFBC}") = "Elecciones.Entidades", "Elecciones.Entidades\Elecciones.Entidades.csproj", "{8AB419B9-AE38-4E51-A27C-855D159A6335}"
EndProject
Global
	GlobalSection(SolutionConfigurationPlatforms) = preSolution
		Debug|Any CPU = Debug|Any CPU
		Debug|Mixed Platforms = Debug|Mixed Platforms
		Debug|x64 = Debug|x64
		Debug|x86 = Debug|x86
		Release|Any CPU = Release|Any CPU
		Release|Mixed Platforms = Release|Mixed Platforms
		Release|x64 = Release|x64
		Release|x86 = Release|x86
	EndGlobalSection
	GlobalSection(ProjectConfigurationPlatforms) = postSolution
		{7AE8CAA0-B769-4289-910B-B2DA0FA680BA}.Debug|Any CPU.ActiveCfg = Debug|Any CPU
		{7AE8CAA0-B769-4289-910B-B2DA0FA680BA}.Debug|Any CPU.Build.0 = Debug|Any CPU
		{7AE8CAA0-B769-4289-910B-B2DA0FA680BA}.Debug|Mixed Platforms.ActiveCfg = Debug|Any CPU
		{7AE8CAA0-B769-4289-910B-B2DA0FA680BA}.Debug|Mixed Platforms.Build.0 = Debug|Any CPU
		{7AE8CAA0-B769-4289-910B-B2DA0FA680BA}.Debug|x64.ActiveCfg = Debug|x64
		{7AE8CAA0-B769-4289-910B-B2DA0FA680BA}.Debug|x64.Build.0 = Debug|x64
		{7AE8CAA0-B769-4289-910B-B2DA0FA680BA}.Debug|x86.ActiveCfg = Debug|Any CPU
		{7AE8CAA0-B769-4289-910B-B2DA0FA680BA}.Release|Any CPU.ActiveCfg = Release|Any CPU
		{7AE8CAA0-B769-4289-910B-B2DA0FA680BA}.Release|Any CPU.Build.0 = Release|Any CPU
		{7AE8CAA0-B769-4289-910B-B2DA0FA680BA}.Release|Any CPU.Deploy.0 = Release|Any CPU
		{7AE8CAA0-B769-4289-910B-B2DA0FA680BA}.Release|Mixed Platforms.ActiveCfg = Release|Any CPU
		{7AE8CAA0-B769-4289-910B-B2DA0FA680BA}.Release|Mixed Platforms.Build.0 = Release|Any CPU
		{7AE8CAA0-B769-4289-910B-B2DA0FA680BA}.Release|x64.ActiveCfg = Release|x64
		{7AE8CAA0-B769-4289-910B-B2DA0FA680BA}.Release|x64.Build.0 = Release|x64
		{7AE8CAA0-B769-4289-910B-B2DA0FA680BA}.Release|x86.ActiveCfg = Release|Any CPU
		{C1FA4D62-47C4-4E49-979B-AB2AC8094513}.Debug|Any CPU.ActiveCfg = Debug|Any CPU
		{C1FA4D62-47C4-4E49-979B-AB2AC8094513}.Debug|Any CPU.Build.0 = Debug|Any CPU
		{C1FA4D62-47C4-4E49-979B-AB2AC8094513}.Debug|Mixed Platforms.ActiveCfg = Debug|Any CPU
		{C1FA4D62-47C4-4E49-979B-AB2AC8094513}.Debug|Mixed Platforms.Build.0 = Debug|Any CPU
		{C1FA4D62-47C4-4E49-979B-AB2AC8094513}.Debug|x64.ActiveCfg = Debug|x64
		{C1FA4D62-47C4-4E49-979B-AB2AC8094513}.Debug|x64.Build.0 = Debug|x64
		{C1FA4D62-47C4-4E49-979B-AB2AC8094513}.Debug|x86.ActiveCfg = Debug|Any CPU
		{C1FA4D62-47C4-4E49-979B-AB2AC8094513}.Release|Any CPU.ActiveCfg = Release|Any CPU
		{C1FA4D62-47C4-4E49-979B-AB2AC8094513}.Release|Any CPU.Build.0 = Release|Any CPU
		{C1FA4D62-47C4-4E49-979B-AB2AC8094513}.Release|Any CPU.Deploy.0 = Release|Any CPU
		{C1FA4D62-47C4-4E49-979B-AB2AC8094513}.Release|Mixed Platforms.ActiveCfg = Release|Any CPU
		{C1FA4D62-47C4-4E49-979B-AB2AC8094513}.Release|Mixed Platforms.Build.0 = Release|Any CPU
		{C1FA4D62-47C4-4E49-979B-AB2AC8094513}.Release|x64.ActiveCfg = Release|x64
		{C1FA4D62-47C4-4E49-979B-AB2AC8094513}.Release|x64.Build.0 = Release|x64
		{C1FA4D62-47C4-4E49-979B-AB2AC8094513}.Release|x86.ActiveCfg = Release|Any CPU
		{D82AF098-B7E0-4CEA-AFC9-F40EC112BB3F}.Debug|Any CPU.ActiveCfg = Debug|Any CPU
		{D82AF098-B7E0-4CEA-AFC9-F40EC112BB3F}.Debug|Any CPU.Build.0 = Debug|Any CPU
		{D82AF098-B7E0-4CEA-AFC9-F40EC112BB3F}.Debug|Mixed Platforms.ActiveCfg = Debug|Any CPU
		{D82AF098-B7E0-4CEA-AFC9-F40EC112BB3F}.Debug|Mixed Platforms.Build.0 = Debug|Any CPU
		{D82AF098-B7E0-4CEA-AFC9-F40EC112BB3F}.Debug|x64.ActiveCfg = Debug|x64
		{D82AF098-B7E0-4CEA-AFC9-F40EC112BB3F}.Debug|x64.Build.0 = Debug|x64
		{D82AF098-B7E0-4CEA-AFC9-F40EC112BB3F}.Debug|x86.ActiveCfg = Debug|Any CPU
		{D82AF098-B7E0-4CEA-AFC9-F40EC112BB3F}.Release|Any CPU.ActiveCfg = Release|Any CPU
		{D82AF098-B7E0-4CEA-AFC9-F40EC112BB3F}.Release|Any CPU.Build.0 = Release|Any CPU
		{D82AF098-B7E0-4CEA-AFC9-F40EC112BB3F}.Release|Mixed Platforms.ActiveCfg = Release|Any CPU
		{D82AF098-B7E0-4CEA-AFC9-F40EC112BB3F}.Release|Mixed Platforms.Build.0 = Release|Any CPU
		{D82AF098-B7E0-4CEA-AFC9-F40EC112BB3F}.Release|x64.ActiveCfg = Release|x64
		{D82AF098-B7E0-4CEA-AFC9-F40EC112BB3F}.Release|x64.Build.0 = Release|x64
		{D82AF098-B7E0-4CEA-AFC9-F40EC112BB3F}.Release|x86.ActiveCfg = Release|Any CPU
		{C283CF7B-BECD-4903-85EF-5A9C0EBC88C4}.Debug|Any CPU.ActiveCfg = Debug|Any CPU
		{C283CF7B-BECD-4903-85EF-5A9C0EBC88C4}.Debug|Any CPU.Build.0 = Debug|Any CPU
		{C283CF7B-BECD-4903-85EF-5A9C0EBC88C4}.Debug|Mixed Platforms.ActiveCfg = Debug|Any CPU
		{C283CF7B-BECD-4903-85EF-5A9C0EBC88C4}.Debug|Mixed Platforms.Build.0 = Debug|Any CPU
		{C283CF7B-BECD-4903-85EF-5A9C0EBC88C4}.Debug|x64.ActiveCfg = Debug|x64
		{C283CF7B-BECD-4903-85EF-5A9C0EBC88C4}.Debug|x64.Build.0 = Debug|x64
		{C283CF7B-BECD-4903-85EF-5A9C0EBC88C4}.Debug|x86.ActiveCfg = Debug|Any CPU
		{C283CF7B-BECD-4903-85EF-5A9C0EBC88C4}.Release|Any CPU.ActiveCfg = Release|Any CPU
		{C283CF7B-BECD-4903-85EF-5A9C0EBC88C4}.Release|Any CPU.Build.0 = Release|Any CPU
		{C283CF7B-BECD-4903-85EF-5A9C0EBC88C4}.Release|Mixed Platforms.ActiveCfg = Release|Any CPU
		{C283CF7B-BECD-4903-85EF-5A9C0EBC88C4}.Release|Mixed Platforms.Build.0 = Release|Any CPU
		{C283CF7B-BECD-4903-85EF-5A9C0EBC88C4}.Release|x64.ActiveCfg = Release|x64
		{C283CF7B-BECD-4903-85EF-5A9C0EBC88C4}.Release|x64.Build.0 = Release|x64
		{C283CF7B-BECD-4903-85EF-5A9C0EBC88C4}.Release|x86.ActiveCfg = Release|Any CPU
		{DCA01A5C-375E-4486-B332-DCCEDAFFE583}.Debug|Any CPU.ActiveCfg = Debug|Any CPU
		{DCA01A5C-375E-4486-B332-DCCEDAFFE583}.Debug|Any CPU.Build.0 = Debug|Any CPU
		{DCA01A5C-375E-4486-B332-DCCEDAFFE583}.Debug|Mixed Platforms.ActiveCfg = Debug|Any CPU
		{DCA01A5C-375E-4486-B332-DCCEDAFFE583}.Debug|Mixed Platforms.Build.0 = Debug|Any CPU
		{DCA01A5C-375E-4486-B332-DCCEDAFFE583}.Debug|x64.ActiveCfg = Debug|x64
		{DCA01A5C-375E-4486-B332-DCCEDAFFE583}.Debug|x64.Build.0 = Debug|x64
		{DCA01A5C-375E-4486-B332-DCCEDAFFE583}.Debug|x86.ActiveCfg = Debug|Any CPU
		{DCA01A5C-375E-4486-B332-DCCEDAFFE583}.Release|Any CPU.ActiveCfg = Release|Any CPU
		{DCA01A5C-375E-4486-B332-DCCEDAFFE583}.Release|Any CPU.Build.0 = Release|Any CPU
		{DCA01A5C-375E-4486-B332-DCCEDAFFE583}.Release|Mixed Platforms.ActiveCfg = Release|Any CPU
		{DCA01A5C-375E-4486-B332-DCCEDAFFE583}.Release|Mixed Platforms.Build.0 = Release|Any CPU
		{DCA01A5C-375E-4486-B332-DCCEDAFFE583}.Release|x64.ActiveCfg = Release|x64
		{DCA01A5C-375E-4486-B332-DCCEDAFFE583}.Release|x64.Build.0 = Release|x64
		{DCA01A5C-375E-4486-B332-DCCEDAFFE583}.Release|x86.ActiveCfg = Release|Any CPU
		{A4706F66-086E-4BAA-978F-C21F4261AD38}.Debug|Any CPU.ActiveCfg = Debug|Any CPU
		{A4706F66-086E-4BAA-978F-C21F4261AD38}.Debug|Any CPU.Build.0 = Debug|Any CPU
		{A4706F66-086E-4BAA-978F-C21F4261AD38}.Debug|Mixed Platforms.ActiveCfg = Debug|Any CPU
		{A4706F66-086E-4BAA-978F-C21F4261AD38}.Debug|Mixed Platforms.Build.0 = Debug|Any CPU
		{A4706F66-086E-4BAA-978F-C21F4261AD38}.Debug|x64.ActiveCfg = Debug|x64
		{A4706F66-086E-4BAA-978F-C21F4261AD38}.Debug|x64.Build.0 = Debug|x64
		{A4706F66-086E-4BAA-978F-C21F4261AD38}.Debug|x86.ActiveCfg = Debug|Any CPU
		{A4706F66-086E-4BAA-978F-C21F4261AD38}.Release|Any CPU.ActiveCfg = Release|Any CPU
		{A4706F66-086E-4BAA-978F-C21F4261AD38}.Release|Any CPU.Build.0 = Release|Any CPU
		{A4706F66-086E-4BAA-978F-C21F4261AD38}.Release|Mixed Platforms.ActiveCfg = Release|Any CPU
		{A4706F66-086E-4BAA-978F-C21F4261AD38}.Release|Mixed Platforms.Build.0 = Release|Any CPU
		{A4706F66-086E-4BAA-978F-C21F4261AD38}.Release|x64.ActiveCfg = Release|x64
		{A4706F66-086E-4BAA-978F-C21F4261AD38}.Release|x64.Build.0 = Release|x64
		{A4706F66-086E-4BAA-978F-C21F4261AD38}.Release|x86.ActiveCfg = Release|Any CPU
		{4D360D6C-EA95-4658-AE7C-1175006A32B4}.Debug|Any CPU.ActiveCfg = Debug|Any CPU
		{4D360D6C-EA95-4658-AE7C-1175006A32B4}.Debug|Any CPU.Build.0 = Debug|Any CPU
		{4D360D6C-EA95-4658-AE7C-1175006A32B4}.Debug|Mixed Platforms.ActiveCfg = Debug|Any CPU
		{4D360D6C-EA95-4658-AE7C-1175006A32B4}.Debug|Mixed Platforms.Build.0 = Debug|Any CPU
		{4D360D6C-EA95-4658-AE7C-1175006A32B4}.Debug|x64.ActiveCfg = Debug|x64
		{4D360D6C-EA95-4658-AE7C-1175006A32B4}.Debug|x64.Build.0 = Debug|x64
		{4D360D6C-EA95-4658-AE7C-1175006A32B4}.Debug|x86.ActiveCfg = Debug|Any CPU
		{4D360D6C-EA95-4658-AE7C-1175006A32B4}.Release|Any CPU.ActiveCfg = Release|Any CPU
		{4D360D6C-EA95-4658-AE7C-1175006A32B4}.Release|Any CPU.Build.0 = Release|Any CPU
		{4D360D6C-EA95-4658-AE7C-1175006A32B4}.Release|Mixed Platforms.ActiveCfg = Release|Any CPU
		{4D360D6C-EA95-4658-AE7C-1175006A32B4}.Release|Mixed Platforms.Build.0 = Release|Any CPU
		{4D360D6C-EA95-4658-AE7C-1175006A32B4}.Release|x64.ActiveCfg = Release|x64
		{4D360D6C-EA95-4658-AE7C-1175006A32B4}.Release|x64.Build.0 = Release|x64
		{4D360D6C-EA95-4658-AE7C-1175006A32B4}.Release|x86.ActiveCfg = Release|Any CPU
		{946B6E79-7E4D-4F9E-BF17-C6D8CB0C70B9}.Debug|Any CPU.ActiveCfg = Debug|Any CPU
		{946B6E79-7E4D-4F9E-BF17-C6D8CB0C70B9}.Debug|Any CPU.Build.0 = Debug|Any CPU
		{946B6E79-7E4D-4F9E-BF17-C6D8CB0C70B9}.Debug|Mixed Platforms.ActiveCfg = Debug|Any CPU
		{946B6E79-7E4D-4F9E-BF17-C6D8CB0C70B9}.Debug|Mixed Platforms.Build.0 = Debug|Any CPU
		{946B6E79-7E4D-4F9E-BF17-C6D8CB0C70B9}.Debug|x64.ActiveCfg = Debug|x64
		{946B6E79-7E4D-4F9E-BF17-C6D8CB0C70B9}.Debug|x64.Build.0 = Debug|x64
		{946B6E79-7E4D-4F9E-BF17-C6D8CB0C70B9}.Debug|x86.ActiveCfg = Debug|Any CPU
		{946B6E79-7E4D-4F9E-BF17-C6D8CB0C70B9}.Release|Any CPU.ActiveCfg = Release|Any CPU
		{946B6E79-7E4D-4F9E-BF17-C6D8CB0C70B9}.Release|Any CPU.Build.0 = Release|Any CPU
		{946B6E79-7E4D-4F9E-BF17-C6D8CB0C70B9}.Release|Mixed Platforms.ActiveCfg = Release|Any CPU
		{946B6E79-7E4D-4F9E-BF17-C6D8CB0C70B9}.Release|Mixed Platforms.Build.0 = Release|Any CPU
		{946B6E79-7E4D-4F9E-BF17-C6D8CB0C70B9}.Release|x64.ActiveCfg = Release|x64
		{946B6E79-7E4D-4F9E-BF17-C6D8CB0C70B9}.Release|x64.Build.0 = Release|x64
		{946B6E79-7E4D-4F9E-BF17-C6D8CB0C70B9}.Release|x86.ActiveCfg = Release|Any CPU
		{8B99800A-5B0A-4EC1-9DC4-BFCB9AE480D8}.Debug|Any CPU.ActiveCfg = Debug|Any CPU
		{8B99800A-5B0A-4EC1-9DC4-BFCB9AE480D8}.Debug|Any CPU.Build.0 = Debug|Any CPU
		{8B99800A-5B0A-4EC1-9DC4-BFCB9AE480D8}.Debug|Mixed Platforms.ActiveCfg = Debug|Any CPU
		{8B99800A-5B0A-4EC1-9DC4-BFCB9AE480D8}.Debug|Mixed Platforms.Build.0 = Debug|Any CPU
		{8B99800A-5B0A-4EC1-9DC4-BFCB9AE480D8}.Debug|x64.ActiveCfg = Debug|x64
		{8B99800A-5B0A-4EC1-9DC4-BFCB9AE480D8}.Debug|x64.Build.0 = Debug|x64
		{8B99800A-5B0A-4EC1-9DC4-BFCB9AE480D8}.Debug|x86.ActiveCfg = Debug|Any CPU
		{8B99800A-5B0A-4EC1-9DC4-BFCB9AE480D8}.Release|Any CPU.ActiveCfg = Release|Any CPU
		{8B99800A-5B0A-4EC1-9DC4-BFCB9AE480D8}.Release|Any CPU.Build.0 = Release|Any CPU
		{8B99800A-5B0A-4EC1-9DC4-BFCB9AE480D8}.Release|Mixed Platforms.ActiveCfg = Release|Any CPU
		{8B99800A-5B0A-4EC1-9DC4-BFCB9AE480D8}.Release|Mixed Platforms.Build.0 = Release|Any CPU
		{8B99800A-5B0A-4EC1-9DC4-BFCB9AE480D8}.Release|x64.ActiveCfg = Release|x64
		{8B99800A-5B0A-4EC1-9DC4-BFCB9AE480D8}.Release|x64.Build.0 = Release|x64
		{8B99800A-5B0A-4EC1-9DC4-BFCB9AE480D8}.Release|x86.ActiveCfg = Release|Any CPU
		{A585D4DF-2503-47D7-8EDD-843BF9F724FD}.Debug|Any CPU.ActiveCfg = Debug|Any CPU
		{A585D4DF-2503-47D7-8EDD-843BF9F724FD}.Debug|Any CPU.Build.0 = Debug|Any CPU
		{A585D4DF-2503-47D7-8EDD-843BF9F724FD}.Debug|Mixed Platforms.ActiveCfg = Debug|Any CPU
		{A585D4DF-2503-47D7-8EDD-843BF9F724FD}.Debug|Mixed Platforms.Build.0 = Debug|Any CPU
		{A585D4DF-2503-47D7-8EDD-843BF9F724FD}.Debug|x64.ActiveCfg = Debug|x64
		{A585D4DF-2503-47D7-8EDD-843BF9F724FD}.Debug|x64.Build.0 = Debug|x64
		{A585D4DF-2503-47D7-8EDD-843BF9F724FD}.Debug|x86.ActiveCfg = Debug|Any CPU
		{A585D4DF-2503-47D7-8EDD-843BF9F724FD}.Release|Any CPU.ActiveCfg = Release|Any CPU
		{A585D4DF-2503-47D7-8EDD-843BF9F724FD}.Release|Any CPU.Build.0 = Release|Any CPU
		{A585D4DF-2503-47D7-8EDD-843BF9F724FD}.Release|Mixed Platforms.ActiveCfg = Release|Any CPU
		{A585D4DF-2503-47D7-8EDD-843BF9F724FD}.Release|Mixed Platforms.Build.0 = Release|Any CPU
		{A585D4DF-2503-47D7-8EDD-843BF9F724FD}.Release|x64.ActiveCfg = Release|x64
		{A585D4DF-2503-47D7-8EDD-843BF9F724FD}.Release|x64.Build.0 = Release|x64
		{A585D4DF-2503-47D7-8EDD-843BF9F724FD}.Release|x86.ActiveCfg = Release|Any CPU
		{84ECFB47-87CC-4393-8413-B68623151C9D}.Debug|Any CPU.ActiveCfg = Debug|Any CPU
		{84ECFB47-87CC-4393-8413-B68623151C9D}.Debug|Any CPU.Build.0 = Debug|Any CPU
		{84ECFB47-87CC-4393-8413-B68623151C9D}.Debug|Mixed Platforms.ActiveCfg = Debug|Any CPU
		{84ECFB47-87CC-4393-8413-B68623151C9D}.Debug|Mixed Platforms.Build.0 = Debug|Any CPU
		{84ECFB47-87CC-4393-8413-B68623151C9D}.Debug|x64.ActiveCfg = Debug|x64
		{84ECFB47-87CC-4393-8413-B68623151C9D}.Debug|x64.Build.0 = Debug|x64
		{84ECFB47-87CC-4393-8413-B68623151C9D}.Debug|x86.ActiveCfg = Debug|Any CPU
		{84ECFB47-87CC-4393-8413-B68623151C9D}.Release|Any CPU.ActiveCfg = Release|Any CPU
		{84ECFB47-87CC-4393-8413-B68623151C9D}.Release|Any CPU.Build.0 = Release|Any CPU
		{84ECFB47-87CC-4393-8413-B68623151C9D}.Release|Mixed Platforms.ActiveCfg = Release|Any CPU
		{84ECFB47-87CC-4393-8413-B68623151C9D}.Release|Mixed Platforms.Build.0 = Release|Any CPU
		{84ECFB47-87CC-4393-8413-B68623151C9D}.Release|x64.ActiveCfg = Release|x64
		{84ECFB47-87CC-4393-8413-B68623151C9D}.Release|x64.Build.0 = Release|x64
		{84ECFB47-87CC-4393-8413-B68623151C9D}.Release|x86.ActiveCfg = Release|Any CPU
		{A5A251D3-C840-4F5B-8621-72455083B213}.Debug|Any CPU.ActiveCfg = Debug|Any CPU
		{A5A251D3-C840-4F5B-8621-72455083B213}.Debug|Any CPU.Build.0 = Debug|Any CPU
		{A5A251D3-C840-4F5B-8621-72455083B213}.Debug|Mixed Platforms.ActiveCfg = Debug|Any CPU
		{A5A251D3-C840-4F5B-8621-72455083B213}.Debug|Mixed Platforms.Build.0 = Debug|Any CPU
		{A5A251D3-C840-4F5B-8621-72455083B213}.Debug|x64.ActiveCfg = Debug|x64
		{A5A251D3-C840-4F5B-8621-72455083B213}.Debug|x64.Build.0 = Debug|x64
		{A5A251D3-C840-4F5B-8621-72455083B213}.Debug|x86.ActiveCfg = Debug|Any CPU
		{A5A251D3-C840-4F5B-8621-72455083B213}.Release|Any CPU.ActiveCfg = Release|Any CPU
		{A5A251D3-C840-4F5B-8621-72455083B213}.Release|Any CPU.Build.0 = Release|Any CPU
		{A5A251D3-C840-4F5B-8621-72455083B213}.Release|Mixed Platforms.ActiveCfg = Release|Any CPU
		{A5A251D3-C840-4F5B-8621-72455083B213}.Release|Mixed Platforms.Build.0 = Release|Any CPU
		{A5A251D3-C840-4F5B-8621-72455083B213}.Release|x64.ActiveCfg = Release|x64
		{A5A251D3-C840-4F5B-8621-72455083B213}.Release|x64.Build.0 = Release|x64
		{A5A251D3-C840-4F5B-8621-72455083B213}.Release|x86.ActiveCfg = Release|Any CPU
		{388A48FF-9824-4D98-95F9-955D86631FDC}.Debug|Any CPU.ActiveCfg = Debug|Any CPU
		{388A48FF-9824-4D98-95F9-955D86631FDC}.Debug|Any CPU.Build.0 = Debug|Any CPU
		{388A48FF-9824-4D98-95F9-955D86631FDC}.Debug|Mixed Platforms.ActiveCfg = Debug|Any CPU
		{388A48FF-9824-4D98-95F9-955D86631FDC}.Debug|Mixed Platforms.Build.0 = Debug|Any CPU
		{388A48FF-9824-4D98-95F9-955D86631FDC}.Debug|x64.ActiveCfg = Debug|x64
		{388A48FF-9824-4D98-95F9-955D86631FDC}.Debug|x64.Build.0 = Debug|x64
		{388A48FF-9824-4D98-95F9-955D86631FDC}.Debug|x86.ActiveCfg = Debug|Any CPU
		{388A48FF-9824-4D98-95F9-955D86631FDC}.Release|Any CPU.ActiveCfg = Release|Any CPU
		{388A48FF-9824-4D98-95F9-955D86631FDC}.Release|Any CPU.Build.0 = Release|Any CPU
		{388A48FF-9824-4D98-95F9-955D86631FDC}.Release|Mixed Platforms.ActiveCfg = Release|Any CPU
		{388A48FF-9824-4D98-95F9-955D86631FDC}.Release|Mixed Platforms.Build.0 = Release|Any CPU
		{388A48FF-9824-4D98-95F9-955D86631FDC}.Release|x64.ActiveCfg = Release|x64
		{388A48FF-9824-4D98-95F9-955D86631FDC}.Release|x64.Build.0 = Release|x64
		{388A48FF-9824-4D98-95F9-955D86631FDC}.Release|x86.ActiveCfg = Release|Any CPU
		{31F014AA-6D91-459F-B287-4990D566ADCA}.Debug|Any CPU.ActiveCfg = Debug|Any CPU
		{31F014AA-6D91-459F-B287-4990D566ADCA}.Debug|Any CPU.Build.0 = Debug|Any CPU
		{31F014AA-6D91-459F-B287-4990D566ADCA}.Debug|Mixed Platforms.ActiveCfg = Debug|Any CPU
		{31F014AA-6D91-459F-B287-4990D566ADCA}.Debug|Mixed Platforms.Build.0 = Debug|Any CPU
		{31F014AA-6D91-459F-B287-4990D566ADCA}.Debug|x64.ActiveCfg = Debug|x64
		{31F014AA-6D91-459F-B287-4990D566ADCA}.Debug|x64.Build.0 = Debug|x64
		{31F014AA-6D91-459F-B287-4990D566ADCA}.Debug|x86.ActiveCfg = Debug|Any CPU
		{31F014AA-6D91-459F-B287-4990D566ADCA}.Release|Any CPU.ActiveCfg = Release|Any CPU
		{31F014AA-6D91-459F-B287-4990D566ADCA}.Release|Any CPU.Build.0 = Release|Any CPU
		{31F014AA-6D91-459F-B287-4990D566ADCA}.Release|Mixed Platforms.ActiveCfg = Release|Any CPU
		{31F014AA-6D91-459F-B287-4990D566ADCA}.Release|Mixed Platforms.Build.0 = Release|Any CPU
		{31F014AA-6D91-459F-B287-4990D566ADCA}.Release|x64.ActiveCfg = Release|x64
		{31F014AA-6D91-459F-B287-4990D566ADCA}.Release|x64.Build.0 = Release|x64
		{31F014AA-6D91-459F-B287-4990D566ADCA}.Release|x86.ActiveCfg = Release|Any CPU
		{62210549-5513-4667-AD96-99839BB77B19}.Debug|Any CPU.ActiveCfg = Debug|Any CPU
		{62210549-5513-4667-AD96-99839BB77B19}.Debug|Any CPU.Build.0 = Debug|Any CPU
		{62210549-5513-4667-AD96-99839BB77B19}.Debug|Mixed Platforms.ActiveCfg = Debug|Any CPU
		{62210549-5513-4667-AD96-99839BB77B19}.Debug|Mixed Platforms.Build.0 = Debug|Any CPU
		{62210549-5513-4667-AD96-99839BB77B19}.Debug|x64.ActiveCfg = Debug|x64
		{62210549-5513-4667-AD96-99839BB77B19}.Debug|x64.Build.0 = Debug|x64
		{62210549-5513-4667-AD96-99839BB77B19}.Debug|x86.ActiveCfg = Debug|Any CPU
		{62210549-5513-4667-AD96-99839BB77B19}.Release|Any CPU.ActiveCfg = Release|Any CPU
		{62210549-5513-4667-AD96-99839BB77B19}.Release|Any CPU.Build.0 = Release|Any CPU
		{62210549-5513-4667-AD96-99839BB77B19}.Release|Mixed Platforms.ActiveCfg = Release|Any CPU
		{62210549-5513-4667-AD96-99839BB77B19}.Release|Mixed Platforms.Build.0 = Release|Any CPU
		{62210549-5513-4667-AD96-99839BB77B19}.Release|x64.ActiveCfg = Release|x64
		{62210549-5513-4667-AD96-99839BB77B19}.Release|x64.Build.0 = Release|x64
		{62210549-5513-4667-AD96-99839BB77B19}.Release|x86.ActiveCfg = Release|Any CPU
		{223A909C-64D8-413B-BB3F-AE2E0A81A172}.Debug|Any CPU.ActiveCfg = Debug|Any CPU
		{223A909C-64D8-413B-BB3F-AE2E0A81A172}.Debug|Any CPU.Build.0 = Debug|Any CPU
		{223A909C-64D8-413B-BB3F-AE2E0A81A172}.Debug|Mixed Platforms.ActiveCfg = Debug|Any CPU
		{223A909C-64D8-413B-BB3F-AE2E0A81A172}.Debug|Mixed Platforms.Build.0 = Debug|Any CPU
		{223A909C-64D8-413B-BB3F-AE2E0A81A172}.Debug|x64.ActiveCfg = Debug|x64
		{223A909C-64D8-413B-BB3F-AE2E0A81A172}.Debug|x64.Build.0 = Debug|x64
		{223A909C-64D8-413B-BB3F-AE2E0A81A172}.Debug|x86.ActiveCfg = Debug|Any CPU
		{223A909C-64D8-413B-BB3F-AE2E0A81A172}.Release|Any CPU.ActiveCfg = Release|Any CPU
		{223A909C-64D8-413B-BB3F-AE2E0A81A172}.Release|Any CPU.Build.0 = Release|Any CPU
		{223A909C-64D8-413B-BB3F-AE2E0A81A172}.Release|Mixed Platforms.ActiveCfg = Release|Any CPU
		{223A909C-64D8-413B-BB3F-AE2E0A81A172}.Release|Mixed Platforms.Build.0 = Release|Any CPU
		{223A909C-64D8-413B-BB3F-AE2E0A81A172}.Release|x64.ActiveCfg = Release|x64
		{223A909C-64D8-413B-BB3F-AE2E0A81A172}.Release|x64.Build.0 = Release|x64
		{223A909C-64D8-413B-BB3F-AE2E0A81A172}.Release|x86.ActiveCfg = Release|Any CPU
		{B11B88BA-D1E3-4001-ADC4-793ED38573A6}.Debug|Any CPU.ActiveCfg = Debug|Any CPU
		{B11B88BA-D1E3-4001-ADC4-793ED38573A6}.Debug|Any CPU.Build.0 = Debug|Any CPU
		{B11B88BA-D1E3-4001-ADC4-793ED38573A6}.Debug|Mixed Platforms.ActiveCfg = Debug|Any CPU
		{B11B88BA-D1E3-4001-ADC4-793ED38573A6}.Debug|Mixed Platforms.Build.0 = Debug|Any CPU
		{B11B88BA-D1E3-4001-ADC4-793ED38573A6}.Debug|x64.ActiveCfg = Debug|x64
		{B11B88BA-D1E3-4001-ADC4-793ED38573A6}.Debug|x64.Build.0 = Debug|x64
		{B11B88BA-D1E3-4001-ADC4-793ED38573A6}.Debug|x86.ActiveCfg = Debug|Any CPU
		{B11B88BA-D1E3-4001-ADC4-793ED38573A6}.Release|Any CPU.ActiveCfg = Release|Any CPU
		{B11B88BA-D1E3-4001-ADC4-793ED38573A6}.Release|Any CPU.Build.0 = Release|Any CPU
		{B11B88BA-D1E3-4001-ADC4-793ED38573A6}.Release|Mixed Platforms.ActiveCfg = Release|Any CPU
		{B11B88BA-D1E3-4001-ADC4-793ED38573A6}.Release|Mixed Platforms.Build.0 = Release|Any CPU
		{B11B88BA-D1E3-4001-ADC4-793ED38573A6}.Release|x64.ActiveCfg = Release|x64
		{B11B88BA-D1E3-4001-ADC4-793ED38573A6}.Release|x64.Build.0 = Release|x64
		{B11B88BA-D1E3-4001-ADC4-793ED38573A6}.Release|x86.ActiveCfg = Release|Any CPU
		{EE52EE32-3C17-477F-8F76-10FA409AD26B}.Debug|Any CPU.ActiveCfg = Debug|Any CPU
		{EE52EE32-3C17-477F-8F76-10FA409AD26B}.Debug|Any CPU.Build.0 = Debug|Any CPU
		{EE52EE32-3C17-477F-8F76-10FA409AD26B}.Debug|Mixed Platforms.ActiveCfg = Debug|Any CPU
		{EE52EE32-3C17-477F-8F76-10FA409AD26B}.Debug|Mixed Platforms.Build.0 = Debug|Any CPU
		{EE52EE32-3C17-477F-8F76-10FA409AD26B}.Debug|x64.ActiveCfg = Debug|x64
		{EE52EE32-3C17-477F-8F76-10FA409AD26B}.Debug|x64.Build.0 = Debug|x64
		{EE52EE32-3C17-477F-8F76-10FA409AD26B}.Debug|x86.ActiveCfg = Debug|Any CPU
		{EE52EE32-3C17-477F-8F76-10FA409AD26B}.Release|Any CPU.ActiveCfg = Release|Any CPU
		{EE52EE32-3C17-477F-8F76-10FA409AD26B}.Release|Any CPU.Build.0 = Release|Any CPU
		{EE52EE32-3C17-477F-8F76-10FA409AD26B}.Release|Mixed Platforms.ActiveCfg = Release|Any CPU
		{EE52EE32-3C17-477F-8F76-10FA409AD26B}.Release|Mixed Platforms.Build.0 = Release|Any CPU
		{EE52EE32-3C17-477F-8F76-10FA409AD26B}.Release|x64.ActiveCfg = Release|x64
		{EE52EE32-3C17-477F-8F76-10FA409AD26B}.Release|x64.Build.0 = Release|x64
		{EE52EE32-3C17-477F-8F76-10FA409AD26B}.Release|x86.ActiveCfg = Release|Any CPU
		{F3B471D2-3B16-4E52-B0EB-9CB90B449896}.Debug|Any CPU.ActiveCfg = Debug|Any CPU
		{F3B471D2-3B16-4E52-B0EB-9CB90B449896}.Debug|Any CPU.Build.0 = Debug|Any CPU
		{F3B471D2-3B16-4E52-B0EB-9CB90B449896}.Debug|Mixed Platforms.ActiveCfg = Debug|Any CPU
		{F3B471D2-3B16-4E52-B0EB-9CB90B449896}.Debug|Mixed Platforms.Build.0 = Debug|Any CPU
		{F3B471D2-3B16-4E52-B0EB-9CB90B449896}.Debug|x64.ActiveCfg = Debug|x64
		{F3B471D2-3B16-4E52-B0EB-9CB90B449896}.Debug|x64.Build.0 = Debug|x64
		{F3B471D2-3B16-4E52-B0EB-9CB90B449896}.Debug|x86.ActiveCfg = Debug|Any CPU
		{F3B471D2-3B16-4E52-B0EB-9CB90B449896}.Release|Any CPU.ActiveCfg = Release|Any CPU
		{F3B471D2-3B16-4E52-B0EB-9CB90B449896}.Release|Any CPU.Build.0 = Release|Any CPU
		{F3B471D2-3B16-4E52-B0EB-9CB90B449896}.Release|Mixed Platforms.ActiveCfg = Release|Any CPU
		{F3B471D2-3B16-4E52-B0EB-9CB90B449896}.Release|Mixed Platforms.Build.0 = Release|Any CPU
		{F3B471D2-3B16-4E52-B0EB-9CB90B449896}.Release|x64.ActiveCfg = Release|x64
		{F3B471D2-3B16-4E52-B0EB-9CB90B449896}.Release|x64.Build.0 = Release|x64
		{F3B471D2-3B16-4E52-B0EB-9CB90B449896}.Release|x86.ActiveCfg = Release|Any CPU
		{41A92DC3-14F9-4550-90EF-9C91E46BE02C}.Debug|Any CPU.ActiveCfg = Debug|Any CPU
		{41A92DC3-14F9-4550-90EF-9C91E46BE02C}.Debug|Any CPU.Build.0 = Debug|Any CPU
		{41A92DC3-14F9-4550-90EF-9C91E46BE02C}.Debug|Mixed Platforms.ActiveCfg = Debug|Any CPU
		{41A92DC3-14F9-4550-90EF-9C91E46BE02C}.Debug|Mixed Platforms.Build.0 = Debug|Any CPU
		{41A92DC3-14F9-4550-90EF-9C91E46BE02C}.Debug|x64.ActiveCfg = Debug|x64
		{41A92DC3-14F9-4550-90EF-9C91E46BE02C}.Debug|x64.Build.0 = Debug|x64
		{41A92DC3-14F9-4550-90EF-9C91E46BE02C}.Debug|x86.ActiveCfg = Debug|Any CPU
		{41A92DC3-14F9-4550-90EF-9C91E46BE02C}.Release|Any CPU.ActiveCfg = Release|Any CPU
		{41A92DC3-14F9-4550-90EF-9C91E46BE02C}.Release|Any CPU.Build.0 = Release|Any CPU
		{41A92DC3-14F9-4550-90EF-9C91E46BE02C}.Release|Mixed Platforms.ActiveCfg = Release|Any CPU
		{41A92DC3-14F9-4550-90EF-9C91E46BE02C}.Release|Mixed Platforms.Build.0 = Release|Any CPU
		{41A92DC3-14F9-4550-90EF-9C91E46BE02C}.Release|x64.ActiveCfg = Release|x64
		{41A92DC3-14F9-4550-90EF-9C91E46BE02C}.Release|x64.Build.0 = Release|x64
		{41A92DC3-14F9-4550-90EF-9C91E46BE02C}.Release|x86.ActiveCfg = Release|Any CPU
		{542289C9-7113-4FE1-B40E-896670A1BB67}.Debug|Any CPU.ActiveCfg = Debug|Any CPU
		{542289C9-7113-4FE1-B40E-896670A1BB67}.Debug|Any CPU.Build.0 = Debug|Any CPU
		{542289C9-7113-4FE1-B40E-896670A1BB67}.Debug|Mixed Platforms.ActiveCfg = Debug|Any CPU
		{542289C9-7113-4FE1-B40E-896670A1BB67}.Debug|Mixed Platforms.Build.0 = Debug|Any CPU
		{542289C9-7113-4FE1-B40E-896670A1BB67}.Debug|x64.ActiveCfg = Debug|x64
		{542289C9-7113-4FE1-B40E-896670A1BB67}.Debug|x64.Build.0 = Debug|x64
		{542289C9-7113-4FE1-B40E-896670A1BB67}.Debug|x86.ActiveCfg = Debug|Any CPU
		{542289C9-7113-4FE1-B40E-896670A1BB67}.Release|Any CPU.ActiveCfg = Release|Any CPU
		{542289C9-7113-4FE1-B40E-896670A1BB67}.Release|Any CPU.Build.0 = Release|Any CPU
		{542289C9-7113-4FE1-B40E-896670A1BB67}.Release|Mixed Platforms.ActiveCfg = Release|Any CPU
		{542289C9-7113-4FE1-B40E-896670A1BB67}.Release|Mixed Platforms.Build.0 = Release|Any CPU
		{542289C9-7113-4FE1-B40E-896670A1BB67}.Release|x64.ActiveCfg = Release|x64
		{542289C9-7113-4FE1-B40E-896670A1BB67}.Release|x64.Build.0 = Release|x64
		{542289C9-7113-4FE1-B40E-896670A1BB67}.Release|x86.ActiveCfg = Release|Any CPU
		{B6A231EF-198A-4201-85C1-7C6444192F4D}.Debug|Any CPU.ActiveCfg = Debug|Any CPU
		{B6A231EF-198A-4201-85C1-7C6444192F4D}.Debug|Any CPU.Build.0 = Debug|Any CPU
		{B6A231EF-198A-4201-85C1-7C6444192F4D}.Debug|Mixed Platforms.ActiveCfg = Debug|Any CPU
		{B6A231EF-198A-4201-85C1-7C6444192F4D}.Debug|Mixed Platforms.Build.0 = Debug|Any CPU
		{B6A231EF-198A-4201-85C1-7C6444192F4D}.Debug|x64.ActiveCfg = Debug|x64
		{B6A231EF-198A-4201-85C1-7C6444192F4D}.Debug|x64.Build.0 = Debug|x64
		{B6A231EF-198A-4201-85C1-7C6444192F4D}.Debug|x86.ActiveCfg = Debug|Any CPU
		{B6A231EF-198A-4201-85C1-7C6444192F4D}.Release|Any CPU.ActiveCfg = Release|Any CPU
		{B6A231EF-198A-4201-85C1-7C6444192F4D}.Release|Any CPU.Build.0 = Release|Any CPU
		{B6A231EF-198A-4201-85C1-7C6444192F4D}.Release|Mixed Platforms.ActiveCfg = Release|Any CPU
		{B6A231EF-198A-4201-85C1-7C6444192F4D}.Release|Mixed Platforms.Build.0 = Release|Any CPU
		{B6A231EF-198A-4201-85C1-7C6444192F4D}.Release|x64.ActiveCfg = Release|x64
		{B6A231EF-198A-4201-85C1-7C6444192F4D}.Release|x64.Build.0 = Release|x64
		{B6A231EF-198A-4201-85C1-7C6444192F4D}.Release|x86.ActiveCfg = Release|Any CPU
		{89FDD7C8-3E4E-487E-BB9F-FFB549C006C4}.Debug|Any CPU.ActiveCfg = Debug|Any CPU
		{89FDD7C8-3E4E-487E-BB9F-FFB549C006C4}.Debug|Any CPU.Build.0 = Debug|Any CPU
		{89FDD7C8-3E4E-487E-BB9F-FFB549C006C4}.Debug|Mixed Platforms.ActiveCfg = Debug|Any CPU
		{89FDD7C8-3E4E-487E-BB9F-FFB549C006C4}.Debug|Mixed Platforms.Build.0 = Debug|Any CPU
		{89FDD7C8-3E4E-487E-BB9F-FFB549C006C4}.Debug|x64.ActiveCfg = Debug|x64
		{89FDD7C8-3E4E-487E-BB9F-FFB549C006C4}.Debug|x64.Build.0 = Debug|x64
		{89FDD7C8-3E4E-487E-BB9F-FFB549C006C4}.Debug|x86.ActiveCfg = Debug|Any CPU
		{89FDD7C8-3E4E-487E-BB9F-FFB549C006C4}.Release|Any CPU.ActiveCfg = Release|Any CPU
		{89FDD7C8-3E4E-487E-BB9F-FFB549C006C4}.Release|Any CPU.Build.0 = Release|Any CPU
		{89FDD7C8-3E4E-487E-BB9F-FFB549C006C4}.Release|Mixed Platforms.ActiveCfg = Release|Any CPU
		{89FDD7C8-3E4E-487E-BB9F-FFB549C006C4}.Release|Mixed Platforms.Build.0 = Release|Any CPU
		{89FDD7C8-3E4E-487E-BB9F-FFB549C006C4}.Release|x64.ActiveCfg = Release|x64
		{89FDD7C8-3E4E-487E-BB9F-FFB549C006C4}.Release|x64.Build.0 = Release|x64
		{89FDD7C8-3E4E-487E-BB9F-FFB549C006C4}.Release|x86.ActiveCfg = Release|Any CPU
		{77C7638A-B2B1-42E2-A1D6-26A2EAA8C4A8}.Debug|Any CPU.ActiveCfg = Debug|Any CPU
		{77C7638A-B2B1-42E2-A1D6-26A2EAA8C4A8}.Debug|Any CPU.Build.0 = Debug|Any CPU
		{77C7638A-B2B1-42E2-A1D6-26A2EAA8C4A8}.Debug|Mixed Platforms.ActiveCfg = Debug|Any CPU
		{77C7638A-B2B1-42E2-A1D6-26A2EAA8C4A8}.Debug|Mixed Platforms.Build.0 = Debug|Any CPU
		{77C7638A-B2B1-42E2-A1D6-26A2EAA8C4A8}.Debug|x64.ActiveCfg = Debug|x64
		{77C7638A-B2B1-42E2-A1D6-26A2EAA8C4A8}.Debug|x64.Build.0 = Debug|x64
		{77C7638A-B2B1-42E2-A1D6-26A2EAA8C4A8}.Debug|x86.ActiveCfg = Debug|Any CPU
		{77C7638A-B2B1-42E2-A1D6-26A2EAA8C4A8}.Release|Any CPU.ActiveCfg = Release|Any CPU
		{77C7638A-B2B1-42E2-A1D6-26A2EAA8C4A8}.Release|Any CPU.Build.0 = Release|Any CPU
		{77C7638A-B2B1-42E2-A1D6-26A2EAA8C4A8}.Release|Mixed Platforms.ActiveCfg = Release|Any CPU
		{77C7638A-B2B1-42E2-A1D6-26A2EAA8C4A8}.Release|Mixed Platforms.Build.0 = Release|Any CPU
		{77C7638A-B2B1-42E2-A1D6-26A2EAA8C4A8}.Release|x64.ActiveCfg = Release|x64
		{77C7638A-B2B1-42E2-A1D6-26A2EAA8C4A8}.Release|x64.Build.0 = Release|x64
		{77C7638A-B2B1-42E2-A1D6-26A2EAA8C4A8}.Release|x86.ActiveCfg = Release|Any CPU
		{A6549DD4-ED24-4A95-B9E3-A9DAA21C9F7B}.Debug|Any CPU.ActiveCfg = Debug|Any CPU
		{A6549DD4-ED24-4A95-B9E3-A9DAA21C9F7B}.Debug|Any CPU.Build.0 = Debug|Any CPU
		{A6549DD4-ED24-4A95-B9E3-A9DAA21C9F7B}.Debug|Mixed Platforms.ActiveCfg = Debug|Any CPU
		{A6549DD4-ED24-4A95-B9E3-A9DAA21C9F7B}.Debug|Mixed Platforms.Build.0 = Debug|Any CPU
		{A6549DD4-ED24-4A95-B9E3-A9DAA21C9F7B}.Debug|x64.ActiveCfg = Debug|x64
		{A6549DD4-ED24-4A95-B9E3-A9DAA21C9F7B}.Debug|x64.Build.0 = Debug|x64
		{A6549DD4-ED24-4A95-B9E3-A9DAA21C9F7B}.Debug|x86.ActiveCfg = Debug|Any CPU
		{A6549DD4-ED24-4A95-B9E3-A9DAA21C9F7B}.Release|Any CPU.ActiveCfg = Release|Any CPU
		{A6549DD4-ED24-4A95-B9E3-A9DAA21C9F7B}.Release|Any CPU.Build.0 = Release|Any CPU
		{A6549DD4-ED24-4A95-B9E3-A9DAA21C9F7B}.Release|Mixed Platforms.ActiveCfg = Release|Any CPU
		{A6549DD4-ED24-4A95-B9E3-A9DAA21C9F7B}.Release|Mixed Platforms.Build.0 = Release|Any CPU
		{A6549DD4-ED24-4A95-B9E3-A9DAA21C9F7B}.Release|x64.ActiveCfg = Release|x64
		{A6549DD4-ED24-4A95-B9E3-A9DAA21C9F7B}.Release|x64.Build.0 = Release|x64
		{A6549DD4-ED24-4A95-B9E3-A9DAA21C9F7B}.Release|x86.ActiveCfg = Release|Any CPU
		{FA35DFDF-8667-4BE9-A2E2-6623E47558EC}.Debug|Any CPU.ActiveCfg = Debug|Any CPU
		{FA35DFDF-8667-4BE9-A2E2-6623E47558EC}.Debug|Any CPU.Build.0 = Debug|Any CPU
		{FA35DFDF-8667-4BE9-A2E2-6623E47558EC}.Debug|Mixed Platforms.ActiveCfg = Debug|Any CPU
		{FA35DFDF-8667-4BE9-A2E2-6623E47558EC}.Debug|Mixed Platforms.Build.0 = Debug|Any CPU
		{FA35DFDF-8667-4BE9-A2E2-6623E47558EC}.Debug|x64.ActiveCfg = Debug|x64
		{FA35DFDF-8667-4BE9-A2E2-6623E47558EC}.Debug|x64.Build.0 = Debug|x64
		{FA35DFDF-8667-4BE9-A2E2-6623E47558EC}.Debug|x86.ActiveCfg = Debug|Any CPU
		{FA35DFDF-8667-4BE9-A2E2-6623E47558EC}.Release|Any CPU.ActiveCfg = Release|Any CPU
		{FA35DFDF-8667-4BE9-A2E2-6623E47558EC}.Release|Any CPU.Build.0 = Release|Any CPU
		{FA35DFDF-8667-4BE9-A2E2-6623E47558EC}.Release|Mixed Platforms.ActiveCfg = Release|Any CPU
		{FA35DFDF-8667-4BE9-A2E2-6623E47558EC}.Release|Mixed Platforms.Build.0 = Release|Any CPU
		{FA35DFDF-8667-4BE9-A2E2-6623E47558EC}.Release|x64.ActiveCfg = Release|x64
		{FA35DFDF-8667-4BE9-A2E2-6623E47558EC}.Release|x64.Build.0 = Release|x64
		{FA35DFDF-8667-4BE9-A2E2-6623E47558EC}.Release|x86.ActiveCfg = Release|Any CPU
		{20AC36F8-12D6-43BB-B5AF-92F6CFB66393}.Debug|Any CPU.ActiveCfg = Debug|Any CPU
		{20AC36F8-12D6-43BB-B5AF-92F6CFB66393}.Debug|Any CPU.Build.0 = Debug|Any CPU
		{20AC36F8-12D6-43BB-B5AF-92F6CFB66393}.Debug|Mixed Platforms.ActiveCfg = Debug|Any CPU
		{20AC36F8-12D6-43BB-B5AF-92F6CFB66393}.Debug|Mixed Platforms.Build.0 = Debug|Any CPU
		{20AC36F8-12D6-43BB-B5AF-92F6CFB66393}.Debug|x64.ActiveCfg = Debug|x64
		{20AC36F8-12D6-43BB-B5AF-92F6CFB66393}.Debug|x64.Build.0 = Debug|x64
		{20AC36F8-12D6-43BB-B5AF-92F6CFB66393}.Debug|x86.ActiveCfg = Debug|Any CPU
		{20AC36F8-12D6-43BB-B5AF-92F6CFB66393}.Release|Any CPU.ActiveCfg = Release|Any CPU
		{20AC36F8-12D6-43BB-B5AF-92F6CFB66393}.Release|Any CPU.Build.0 = Release|Any CPU
		{20AC36F8-12D6-43BB-B5AF-92F6CFB66393}.Release|Mixed Platforms.ActiveCfg = Release|Any CPU
		{20AC36F8-12D6-43BB-B5AF-92F6CFB66393}.Release|Mixed Platforms.Build.0 = Release|Any CPU
		{20AC36F8-12D6-43BB-B5AF-92F6CFB66393}.Release|x64.ActiveCfg = Release|x64
		{20AC36F8-12D6-43BB-B5AF-92F6CFB66393}.Release|x64.Build.0 = Release|x64
		{20AC36F8-12D6-43BB-B5AF-92F6CFB66393}.Release|x86.ActiveCfg = Release|Any CPU
		{6678529E-F30B-4FA6-9DA3-C2CBABE5D2B4}.Debug|Any CPU.ActiveCfg = Debug|Any CPU
		{6678529E-F30B-4FA6-9DA3-C2CBABE5D2B4}.Debug|Any CPU.Build.0 = Debug|Any CPU
		{6678529E-F30B-4FA6-9DA3-C2CBABE5D2B4}.Debug|Mixed Platforms.ActiveCfg = Debug|Any CPU
		{6678529E-F30B-4FA6-9DA3-C2CBABE5D2B4}.Debug|Mixed Platforms.Build.0 = Debug|Any CPU
		{6678529E-F30B-4FA6-9DA3-C2CBABE5D2B4}.Debug|x64.ActiveCfg = Debug|x64
		{6678529E-F30B-4FA6-9DA3-C2CBABE5D2B4}.Debug|x64.Build.0 = Debug|x64
		{6678529E-F30B-4FA6-9DA3-C2CBABE5D2B4}.Debug|x86.ActiveCfg = Debug|Any CPU
		{6678529E-F30B-4FA6-9DA3-C2CBABE5D2B4}.Release|Any CPU.ActiveCfg = Release|Any CPU
		{6678529E-F30B-4FA6-9DA3-C2CBABE5D2B4}.Release|Any CPU.Build.0 = Release|Any CPU
		{6678529E-F30B-4FA6-9DA3-C2CBABE5D2B4}.Release|Mixed Platforms.ActiveCfg = Release|Any CPU
		{6678529E-F30B-4FA6-9DA3-C2CBABE5D2B4}.Release|Mixed Platforms.Build.0 = Release|Any CPU
		{6678529E-F30B-4FA6-9DA3-C2CBABE5D2B4}.Release|x64.ActiveCfg = Release|x64
		{6678529E-F30B-4FA6-9DA3-C2CBABE5D2B4}.Release|x64.Build.0 = Release|x64
		{6678529E-F30B-4FA6-9DA3-C2CBABE5D2B4}.Release|x86.ActiveCfg = Release|Any CPU
		{279C7CB7-60DC-44A2-8067-6484E6B63C8D}.Debug|Any CPU.ActiveCfg = Debug|Any CPU
		{279C7CB7-60DC-44A2-8067-6484E6B63C8D}.Debug|Any CPU.Build.0 = Debug|Any CPU
		{279C7CB7-60DC-44A2-8067-6484E6B63C8D}.Debug|Mixed Platforms.ActiveCfg = Debug|Any CPU
		{279C7CB7-60DC-44A2-8067-6484E6B63C8D}.Debug|Mixed Platforms.Build.0 = Debug|Any CPU
		{279C7CB7-60DC-44A2-8067-6484E6B63C8D}.Debug|x64.ActiveCfg = Debug|x64
		{279C7CB7-60DC-44A2-8067-6484E6B63C8D}.Debug|x64.Build.0 = Debug|x64
		{279C7CB7-60DC-44A2-8067-6484E6B63C8D}.Debug|x86.ActiveCfg = Debug|Any CPU
		{279C7CB7-60DC-44A2-8067-6484E6B63C8D}.Release|Any CPU.ActiveCfg = Release|Any CPU
		{279C7CB7-60DC-44A2-8067-6484E6B63C8D}.Release|Any CPU.Build.0 = Release|Any CPU
		{279C7CB7-60DC-44A2-8067-6484E6B63C8D}.Release|Mixed Platforms.ActiveCfg = Release|Any CPU
		{279C7CB7-60DC-44A2-8067-6484E6B63C8D}.Release|Mixed Platforms.Build.0 = Release|Any CPU
		{279C7CB7-60DC-44A2-8067-6484E6B63C8D}.Release|x64.ActiveCfg = Release|x64
		{279C7CB7-60DC-44A2-8067-6484E6B63C8D}.Release|x64.Build.0 = Release|x64
		{279C7CB7-60DC-44A2-8067-6484E6B63C8D}.Release|x86.ActiveCfg = Release|Any CPU
		{7DF622D9-9B17-4356-B85E-AB537285AFE4}.Debug|Any CPU.ActiveCfg = Debug|Any CPU
		{7DF622D9-9B17-4356-B85E-AB537285AFE4}.Debug|Any CPU.Build.0 = Debug|Any CPU
		{7DF622D9-9B17-4356-B85E-AB537285AFE4}.Debug|Mixed Platforms.ActiveCfg = Debug|Any CPU
		{7DF622D9-9B17-4356-B85E-AB537285AFE4}.Debug|Mixed Platforms.Build.0 = Debug|Any CPU
		{7DF622D9-9B17-4356-B85E-AB537285AFE4}.Debug|x64.ActiveCfg = Debug|x64
		{7DF622D9-9B17-4356-B85E-AB537285AFE4}.Debug|x64.Build.0 = Debug|x64
		{7DF622D9-9B17-4356-B85E-AB537285AFE4}.Debug|x86.ActiveCfg = Debug|Any CPU
		{7DF622D9-9B17-4356-B85E-AB537285AFE4}.Release|Any CPU.ActiveCfg = Release|Any CPU
		{7DF622D9-9B17-4356-B85E-AB537285AFE4}.Release|Any CPU.Build.0 = Release|Any CPU
		{7DF622D9-9B17-4356-B85E-AB537285AFE4}.Release|Mixed Platforms.ActiveCfg = Release|Any CPU
		{7DF622D9-9B17-4356-B85E-AB537285AFE4}.Release|Mixed Platforms.Build.0 = Release|Any CPU
		{7DF622D9-9B17-4356-B85E-AB537285AFE4}.Release|x64.ActiveCfg = Release|x64
		{7DF622D9-9B17-4356-B85E-AB537285AFE4}.Release|x64.Build.0 = Release|x64
		{7DF622D9-9B17-4356-B85E-AB537285AFE4}.Release|x86.ActiveCfg = Release|Any CPU
		{818A809A-D3BB-4A49-9C1B-BEDA136B36CD}.Debug|Any CPU.ActiveCfg = Debug|Any CPU
		{818A809A-D3BB-4A49-9C1B-BEDA136B36CD}.Debug|Any CPU.Build.0 = Debug|Any CPU
		{818A809A-D3BB-4A49-9C1B-BEDA136B36CD}.Debug|Mixed Platforms.ActiveCfg = Debug|Any CPU
		{818A809A-D3BB-4A49-9C1B-BEDA136B36CD}.Debug|Mixed Platforms.Build.0 = Debug|Any CPU
		{818A809A-D3BB-4A49-9C1B-BEDA136B36CD}.Debug|x64.ActiveCfg = Debug|x64
		{818A809A-D3BB-4A49-9C1B-BEDA136B36CD}.Debug|x64.Build.0 = Debug|x64
		{818A809A-D3BB-4A49-9C1B-BEDA136B36CD}.Debug|x86.ActiveCfg = Debug|Any CPU
		{818A809A-D3BB-4A49-9C1B-BEDA136B36CD}.Release|Any CPU.ActiveCfg = Release|Any CPU
		{818A809A-D3BB-4A49-9C1B-BEDA136B36CD}.Release|Any CPU.Build.0 = Release|Any CPU
		{818A809A-D3BB-4A49-9C1B-BEDA136B36CD}.Release|Mixed Platforms.ActiveCfg = Release|Any CPU
		{818A809A-D3BB-4A49-9C1B-BEDA136B36CD}.Release|Mixed Platforms.Build.0 = Release|Any CPU
		{818A809A-D3BB-4A49-9C1B-BEDA136B36CD}.Release|x64.ActiveCfg = Release|x64
		{818A809A-D3BB-4A49-9C1B-BEDA136B36CD}.Release|x64.Build.0 = Release|x64
		{818A809A-D3BB-4A49-9C1B-BEDA136B36CD}.Release|x86.ActiveCfg = Release|Any CPU
		{9CFBDC9A-336B-471C-A773-3087F19AFEC8}.Debug|Any CPU.ActiveCfg = Debug|Any CPU
		{9CFBDC9A-336B-471C-A773-3087F19AFEC8}.Debug|Any CPU.Build.0 = Debug|Any CPU
		{9CFBDC9A-336B-471C-A773-3087F19AFEC8}.Debug|Mixed Platforms.ActiveCfg = Debug|Any CPU
		{9CFBDC9A-336B-471C-A773-3087F19AFEC8}.Debug|Mixed Platforms.Build.0 = Debug|Any CPU
		{9CFBDC9A-336B-471C-A773-3087F19AFEC8}.Debug|x64.ActiveCfg = Debug|x64
		{9CFBDC9A-336B-471C-A773-3087F19AFEC8}.Debug|x64.Build.0 = Debug|x64
		{9CFBDC9A-336B-471C-A773-3087F19AFEC8}.Debug|x86.ActiveCfg = Debug|Any CPU
		{9CFBDC9A-336B-471C-A773-3087F19AFEC8}.Release|Any CPU.ActiveCfg = Release|Any CPU
		{9CFBDC9A-336B-471C-A773-3087F19AFEC8}.Release|Any CPU.Build.0 = Release|Any CPU
		{9CFBDC9A-336B-471C-A773-3087F19AFEC8}.Release|Mixed Platforms.ActiveCfg = Release|Any CPU
		{9CFBDC9A-336B-471C-A773-3087F19AFEC8}.Release|Mixed Platforms.Build.0 = Release|Any CPU
		{9CFBDC9A-336B-471C-A773-3087F19AFEC8}.Release|x64.ActiveCfg = Release|x64
		{9CFBDC9A-336B-471C-A773-3087F19AFEC8}.Release|x64.Build.0 = Release|x64
		{9CFBDC9A-336B-471C-A773-3087F19AFEC8}.Release|x86.ActiveCfg = Release|Any CPU
		{EC8AE7AD-1CE3-4B55-9DAA-D8D8EF1B8AB9}.Debug|Any CPU.ActiveCfg = Debug|Any CPU
		{EC8AE7AD-1CE3-4B55-9DAA-D8D8EF1B8AB9}.Debug|Any CPU.Build.0 = Debug|Any CPU
		{EC8AE7AD-1CE3-4B55-9DAA-D8D8EF1B8AB9}.Debug|Mixed Platforms.ActiveCfg = Debug|Any CPU
		{EC8AE7AD-1CE3-4B55-9DAA-D8D8EF1B8AB9}.Debug|Mixed Platforms.Build.0 = Debug|Any CPU
		{EC8AE7AD-1CE3-4B55-9DAA-D8D8EF1B8AB9}.Debug|x64.ActiveCfg = Debug|x64
		{EC8AE7AD-1CE3-4B55-9DAA-D8D8EF1B8AB9}.Debug|x64.Build.0 = Debug|x64
		{EC8AE7AD-1CE3-4B55-9DAA-D8D8EF1B8AB9}.Debug|x86.ActiveCfg = Debug|Any CPU
		{EC8AE7AD-1CE3-4B55-9DAA-D8D8EF1B8AB9}.Release|Any CPU.ActiveCfg = Release|Any CPU
		{EC8AE7AD-1CE3-4B55-9DAA-D8D8EF1B8AB9}.Release|Any CPU.Build.0 = Release|Any CPU
		{EC8AE7AD-1CE3-4B55-9DAA-D8D8EF1B8AB9}.Release|Mixed Platforms.ActiveCfg = Release|Any CPU
		{EC8AE7AD-1CE3-4B55-9DAA-D8D8EF1B8AB9}.Release|Mixed Platforms.Build.0 = Release|Any CPU
		{EC8AE7AD-1CE3-4B55-9DAA-D8D8EF1B8AB9}.Release|x64.ActiveCfg = Release|x64
		{EC8AE7AD-1CE3-4B55-9DAA-D8D8EF1B8AB9}.Release|x64.Build.0 = Release|x64
		{EC8AE7AD-1CE3-4B55-9DAA-D8D8EF1B8AB9}.Release|x86.ActiveCfg = Release|Any CPU
		{35878AA5-3795-4381-847A-CB0894F1712C}.Debug|Any CPU.ActiveCfg = Debug|Any CPU
		{35878AA5-3795-4381-847A-CB0894F1712C}.Debug|Any CPU.Build.0 = Debug|Any CPU
		{35878AA5-3795-4381-847A-CB0894F1712C}.Debug|Mixed Platforms.ActiveCfg = Debug|Any CPU
		{35878AA5-3795-4381-847A-CB0894F1712C}.Debug|Mixed Platforms.Build.0 = Debug|Any CPU
		{35878AA5-3795-4381-847A-CB0894F1712C}.Debug|x64.ActiveCfg = Debug|x64
		{35878AA5-3795-4381-847A-CB0894F1712C}.Debug|x64.Build.0 = Debug|x64
		{35878AA5-3795-4381-847A-CB0894F1712C}.Debug|x86.ActiveCfg = Debug|Any CPU
		{35878AA5-3795-4381-847A-CB0894F1712C}.Release|Any CPU.ActiveCfg = Release|Any CPU
		{35878AA5-3795-4381-847A-CB0894F1712C}.Release|Any CPU.Build.0 = Release|Any CPU
		{35878AA5-3795-4381-847A-CB0894F1712C}.Release|Mixed Platforms.ActiveCfg = Release|Any CPU
		{35878AA5-3795-4381-847A-CB0894F1712C}.Release|Mixed Platforms.Build.0 = Release|Any CPU
		{35878AA5-3795-4381-847A-CB0894F1712C}.Release|x64.ActiveCfg = Release|x64
		{35878AA5-3795-4381-847A-CB0894F1712C}.Release|x64.Build.0 = Release|x64
		{35878AA5-3795-4381-847A-CB0894F1712C}.Release|x86.ActiveCfg = Release|Any CPU
		{F69E5CE2-1E61-4600-B794-34150902D193}.Debug|Any CPU.ActiveCfg = Debug|Any CPU
		{F69E5CE2-1E61-4600-B794-34150902D193}.Debug|Any CPU.Build.0 = Debug|Any CPU
		{F69E5CE2-1E61-4600-B794-34150902D193}.Debug|Mixed Platforms.ActiveCfg = Debug|Any CPU
		{F69E5CE2-1E61-4600-B794-34150902D193}.Debug|Mixed Platforms.Build.0 = Debug|Any CPU
		{F69E5CE2-1E61-4600-B794-34150902D193}.Debug|x64.ActiveCfg = Debug|x64
		{F69E5CE2-1E61-4600-B794-34150902D193}.Debug|x64.Build.0 = Debug|x64
		{F69E5CE2-1E61-4600-B794-34150902D193}.Debug|x86.ActiveCfg = Debug|Any CPU
		{F69E5CE2-1E61-4600-B794-34150902D193}.Release|Any CPU.ActiveCfg = Release|Any CPU
		{F69E5CE2-1E61-4600-B794-34150902D193}.Release|Any CPU.Build.0 = Release|Any CPU
		{F69E5CE2-1E61-4600-B794-34150902D193}.Release|Mixed Platforms.ActiveCfg = Release|Any CPU
		{F69E5CE2-1E61-4600-B794-34150902D193}.Release|Mixed Platforms.Build.0 = Release|Any CPU
		{F69E5CE2-1E61-4600-B794-34150902D193}.Release|x64.ActiveCfg = Release|x64
		{F69E5CE2-1E61-4600-B794-34150902D193}.Release|x64.Build.0 = Release|x64
		{F69E5CE2-1E61-4600-B794-34150902D193}.Release|x86.ActiveCfg = Release|Any CPU
		{9B2C541E-76BB-48A1-BC2D-6AB97742957E}.Debug|Any CPU.ActiveCfg = Debug|Any CPU
		{9B2C541E-76BB-48A1-BC2D-6AB97742957E}.Debug|Any CPU.Build.0 = Debug|Any CPU
		{9B2C541E-76BB-48A1-BC2D-6AB97742957E}.Debug|Mixed Platforms.ActiveCfg = Debug|Any CPU
		{9B2C541E-76BB-48A1-BC2D-6AB97742957E}.Debug|Mixed Platforms.Build.0 = Debug|Any CPU
		{9B2C541E-76BB-48A1-BC2D-6AB97742957E}.Debug|x64.ActiveCfg = Debug|x64
		{9B2C541E-76BB-48A1-BC2D-6AB97742957E}.Debug|x64.Build.0 = Debug|x64
		{9B2C541E-76BB-48A1-BC2D-6AB97742957E}.Debug|x86.ActiveCfg = Debug|Any CPU
		{9B2C541E-76BB-48A1-BC2D-6AB97742957E}.Release|Any CPU.ActiveCfg = Release|Any CPU
		{9B2C541E-76BB-48A1-BC2D-6AB97742957E}.Release|Any CPU.Build.0 = Release|Any CPU
		{9B2C541E-76BB-48A1-BC2D-6AB97742957E}.Release|Mixed Platforms.ActiveCfg = Release|Any CPU
		{9B2C541E-76BB-48A1-BC2D-6AB97742957E}.Release|Mixed Platforms.Build.0 = Release|Any CPU
		{9B2C541E-76BB-48A1-BC2D-6AB97742957E}.Release|x64.ActiveCfg = Release|x64
		{9B2C541E-76BB-48A1-BC2D-6AB97742957E}.Release|x64.Build.0 = Release|x64
		{9B2C541E-76BB-48A1-BC2D-6AB97742957E}.Release|x86.ActiveCfg = Release|Any CPU
		{34FA490A-C78F-437C-959B-1215E5263B1C}.Debug|Any CPU.ActiveCfg = Debug|Any CPU
		{34FA490A-C78F-437C-959B-1215E5263B1C}.Debug|Any CPU.Build.0 = Debug|Any CPU
		{34FA490A-C78F-437C-959B-1215E5263B1C}.Debug|Mixed Platforms.ActiveCfg = Debug|Any CPU
		{34FA490A-C78F-437C-959B-1215E5263B1C}.Debug|Mixed Platforms.Build.0 = Debug|Any CPU
		{34FA490A-C78F-437C-959B-1215E5263B1C}.Debug|x64.ActiveCfg = Debug|x64
		{34FA490A-C78F-437C-959B-1215E5263B1C}.Debug|x64.Build.0 = Debug|x64
		{34FA490A-C78F-437C-959B-1215E5263B1C}.Debug|x86.ActiveCfg = Debug|Any CPU
		{34FA490A-C78F-437C-959B-1215E5263B1C}.Debug|x86.Build.0 = Debug|Any CPU
		{34FA490A-C78F-437C-959B-1215E5263B1C}.Release|Any CPU.ActiveCfg = Release|Any CPU
		{34FA490A-C78F-437C-959B-1215E5263B1C}.Release|Any CPU.Build.0 = Release|Any CPU
		{34FA490A-C78F-437C-959B-1215E5263B1C}.Release|Mixed Platforms.ActiveCfg = Release|Any CPU
		{34FA490A-C78F-437C-959B-1215E5263B1C}.Release|Mixed Platforms.Build.0 = Release|Any CPU
		{34FA490A-C78F-437C-959B-1215E5263B1C}.Release|x64.ActiveCfg = Release|x64
		{34FA490A-C78F-437C-959B-1215E5263B1C}.Release|x64.Build.0 = Release|x64
		{34FA490A-C78F-437C-959B-1215E5263B1C}.Release|x86.ActiveCfg = Release|Any CPU
		{34FA490A-C78F-437C-959B-1215E5263B1C}.Release|x86.Build.0 = Release|Any CPU
		{CC288061-8BB1-4304-8694-D789B71F9108}.Debug|Any CPU.ActiveCfg = Debug|Any CPU
		{CC288061-8BB1-4304-8694-D789B71F9108}.Debug|Any CPU.Build.0 = Debug|Any CPU
		{CC288061-8BB1-4304-8694-D789B71F9108}.Debug|Mixed Platforms.ActiveCfg = Debug|Any CPU
		{CC288061-8BB1-4304-8694-D789B71F9108}.Debug|Mixed Platforms.Build.0 = Debug|Any CPU
		{CC288061-8BB1-4304-8694-D789B71F9108}.Debug|x64.ActiveCfg = Debug|x64
		{CC288061-8BB1-4304-8694-D789B71F9108}.Debug|x64.Build.0 = Debug|x64
		{CC288061-8BB1-4304-8694-D789B71F9108}.Debug|x86.ActiveCfg = Debug|Any CPU
		{CC288061-8BB1-4304-8694-D789B71F9108}.Debug|x86.Build.0 = Debug|Any CPU
		{CC288061-8BB1-4304-8694-D789B71F9108}.Release|Any CPU.ActiveCfg = Release|Any CPU
		{CC288061-8BB1-4304-8694-D789B71F9108}.Release|Any CPU.Build.0 = Release|Any CPU
		{CC288061-8BB1-4304-8694-D789B71F9108}.Release|Mixed Platforms.ActiveCfg = Release|Any CPU
		{CC288061-8BB1-4304-8694-D789B71F9108}.Release|Mixed Platforms.Build.0 = Release|Any CPU
		{CC288061-8BB1-4304-8694-D789B71F9108}.Release|x64.ActiveCfg = Release|x64
		{CC288061-8BB1-4304-8694-D789B71F9108}.Release|x64.Build.0 = Release|x64
		{CC288061-8BB1-4304-8694-D789B71F9108}.Release|x86.ActiveCfg = Release|Any CPU
		{CC288061-8BB1-4304-8694-D789B71F9108}.Release|x86.Build.0 = Release|Any CPU
		{B02A81A8-BE2F-45F0-A95F-A4FED1D653B3}.Debug|Any CPU.ActiveCfg = Debug|Any CPU
		{B02A81A8-BE2F-45F0-A95F-A4FED1D653B3}.Debug|Any CPU.Build.0 = Debug|Any CPU
		{B02A81A8-BE2F-45F0-A95F-A4FED1D653B3}.Debug|Mixed Platforms.ActiveCfg = Debug|Any CPU
		{B02A81A8-BE2F-45F0-A95F-A4FED1D653B3}.Debug|Mixed Platforms.Build.0 = Debug|Any CPU
		{B02A81A8-BE2F-45F0-A95F-A4FED1D653B3}.Debug|x64.ActiveCfg = Debug|x64
		{B02A81A8-BE2F-45F0-A95F-A4FED1D653B3}.Debug|x64.Build.0 = Debug|x64
		{B02A81A8-BE2F-45F0-A95F-A4FED1D653B3}.Debug|x86.ActiveCfg = Debug|Any CPU
		{B02A81A8-BE2F-45F0-A95F-A4FED1D653B3}.Debug|x86.Build.0 = Debug|Any CPU
		{B02A81A8-BE2F-45F0-A95F-A4FED1D653B3}.Release|Any CPU.ActiveCfg = Release|Any CPU
		{B02A81A8-BE2F-45F0-A95F-A4FED1D653B3}.Release|Any CPU.Build.0 = Release|Any CPU
		{B02A81A8-BE2F-45F0-A95F-A4FED1D653B3}.Release|Mixed Platforms.ActiveCfg = Release|Any CPU
		{B02A81A8-BE2F-45F0-A95F-A4FED1D653B3}.Release|Mixed Platforms.Build.0 = Release|Any CPU
		{B02A81A8-BE2F-45F0-A95F-A4FED1D653B3}.Release|x64.ActiveCfg = Release|x64
		{B02A81A8-BE2F-45F0-A95F-A4FED1D653B3}.Release|x64.Build.0 = Release|x64
		{B02A81A8-BE2F-45F0-A95F-A4FED1D653B3}.Release|x86.ActiveCfg = Release|Any CPU
		{B02A81A8-BE2F-45F0-A95F-A4FED1D653B3}.Release|x86.Build.0 = Release|Any CPU
		{B7262117-B851-4C26-889F-FD32B627E501}.Debug|Any CPU.ActiveCfg = Debug|Any CPU
		{B7262117-B851-4C26-889F-FD32B627E501}.Debug|Any CPU.Build.0 = Debug|Any CPU
		{B7262117-B851-4C26-889F-FD32B627E501}.Debug|Mixed Platforms.ActiveCfg = Debug|Any CPU
		{B7262117-B851-4C26-889F-FD32B627E501}.Debug|Mixed Platforms.Build.0 = Debug|Any CPU
		{B7262117-B851-4C26-889F-FD32B627E501}.Debug|x64.ActiveCfg = Debug|x64
		{B7262117-B851-4C26-889F-FD32B627E501}.Debug|x64.Build.0 = Debug|x64
		{B7262117-B851-4C26-889F-FD32B627E501}.Debug|x86.ActiveCfg = Debug|Any CPU
		{B7262117-B851-4C26-889F-FD32B627E501}.Debug|x86.Build.0 = Debug|Any CPU
		{B7262117-B851-4C26-889F-FD32B627E501}.Release|Any CPU.ActiveCfg = Release|Any CPU
		{B7262117-B851-4C26-889F-FD32B627E501}.Release|Any CPU.Build.0 = Release|Any CPU
		{B7262117-B851-4C26-889F-FD32B627E501}.Release|Mixed Platforms.ActiveCfg = Release|Any CPU
		{B7262117-B851-4C26-889F-FD32B627E501}.Release|Mixed Platforms.Build.0 = Release|Any CPU
		{B7262117-B851-4C26-889F-FD32B627E501}.Release|x64.ActiveCfg = Release|x64
		{B7262117-B851-4C26-889F-FD32B627E501}.Release|x64.Build.0 = Release|x64
		{B7262117-B851-4C26-889F-FD32B627E501}.Release|x86.ActiveCfg = Release|Any CPU
		{B7262117-B851-4C26-889F-FD32B627E501}.Release|x86.Build.0 = Release|Any CPU
		{2F1D8807-4CC4-478B-94B6-06181C6F25FB}.Debug|Any CPU.ActiveCfg = Debug|Any CPU
		{2F1D8807-4CC4-478B-94B6-06181C6F25FB}.Debug|Any CPU.Build.0 = Debug|Any CPU
		{2F1D8807-4CC4-478B-94B6-06181C6F25FB}.Debug|Mixed Platforms.ActiveCfg = Debug|Any CPU
		{2F1D8807-4CC4-478B-94B6-06181C6F25FB}.Debug|Mixed Platforms.Build.0 = Debug|Any CPU
		{2F1D8807-4CC4-478B-94B6-06181C6F25FB}.Debug|x64.ActiveCfg = Debug|x64
		{2F1D8807-4CC4-478B-94B6-06181C6F25FB}.Debug|x64.Build.0 = Debug|x64
		{2F1D8807-4CC4-478B-94B6-06181C6F25FB}.Debug|x86.ActiveCfg = Debug|Any CPU
		{2F1D8807-4CC4-478B-94B6-06181C6F25FB}.Debug|x86.Build.0 = Debug|Any CPU
		{2F1D8807-4CC4-478B-94B6-06181C6F25FB}.Release|Any CPU.ActiveCfg = Release|Any CPU
		{2F1D8807-4CC4-478B-94B6-06181C6F25FB}.Release|Any CPU.Build.0 = Release|Any CPU
		{2F1D8807-4CC4-478B-94B6-06181C6F25FB}.Release|Mixed Platforms.ActiveCfg = Release|Any CPU
		{2F1D8807-4CC4-478B-94B6-06181C6F25FB}.Release|Mixed Platforms.Build.0 = Release|Any CPU
		{2F1D8807-4CC4-478B-94B6-06181C6F25FB}.Release|x64.ActiveCfg = Release|x64
		{2F1D8807-4CC4-478B-94B6-06181C6F25FB}.Release|x64.Build.0 = Release|x64
		{2F1D8807-4CC4-478B-94B6-06181C6F25FB}.Release|x86.ActiveCfg = Release|Any CPU
		{2F1D8807-4CC4-478B-94B6-06181C6F25FB}.Release|x86.Build.0 = Release|Any CPU
		{6BBFFDCB-83A9-4C39-A31D-41E9367812AE}.Debug|Any CPU.ActiveCfg = Debug|Any CPU
		{6BBFFDCB-83A9-4C39-A31D-41E9367812AE}.Debug|Any CPU.Build.0 = Debug|Any CPU
		{6BBFFDCB-83A9-4C39-A31D-41E9367812AE}.Debug|Mixed Platforms.ActiveCfg = Debug|Any CPU
		{6BBFFDCB-83A9-4C39-A31D-41E9367812AE}.Debug|Mixed Platforms.Build.0 = Debug|Any CPU
		{6BBFFDCB-83A9-4C39-A31D-41E9367812AE}.Debug|x64.ActiveCfg = Debug|x64
		{6BBFFDCB-83A9-4C39-A31D-41E9367812AE}.Debug|x64.Build.0 = Debug|x64
		{6BBFFDCB-83A9-4C39-A31D-41E9367812AE}.Debug|x86.ActiveCfg = Debug|Any CPU
		{6BBFFDCB-83A9-4C39-A31D-41E9367812AE}.Debug|x86.Build.0 = Debug|Any CPU
		{6BBFFDCB-83A9-4C39-A31D-41E9367812AE}.Release|Any CPU.ActiveCfg = Release|Any CPU
		{6BBFFDCB-83A9-4C39-A31D-41E9367812AE}.Release|Any CPU.Build.0 = Release|Any CPU
		{6BBFFDCB-83A9-4C39-A31D-41E9367812AE}.Release|Mixed Platforms.ActiveCfg = Release|Any CPU
		{6BBFFDCB-83A9-4C39-A31D-41E9367812AE}.Release|Mixed Platforms.Build.0 = Release|Any CPU
		{6BBFFDCB-83A9-4C39-A31D-41E9367812AE}.Release|x64.ActiveCfg = Release|x64
		{6BBFFDCB-83A9-4C39-A31D-41E9367812AE}.Release|x64.Build.0 = Release|x64
		{6BBFFDCB-83A9-4C39-A31D-41E9367812AE}.Release|x86.ActiveCfg = Release|Any CPU
		{6BBFFDCB-83A9-4C39-A31D-41E9367812AE}.Release|x86.Build.0 = Release|Any CPU
		{529308C2-D50A-40C8-9FDF-23C40CC762DD}.Debug|Any CPU.ActiveCfg = Debug|Any CPU
		{529308C2-D50A-40C8-9FDF-23C40CC762DD}.Debug|Any CPU.Build.0 = Debug|Any CPU
		{529308C2-D50A-40C8-9FDF-23C40CC762DD}.Debug|Mixed Platforms.ActiveCfg = Debug|Any CPU
		{529308C2-D50A-40C8-9FDF-23C40CC762DD}.Debug|Mixed Platforms.Build.0 = Debug|Any CPU
		{529308C2-D50A-40C8-9FDF-23C40CC762DD}.Debug|x64.ActiveCfg = Debug|x64
		{529308C2-D50A-40C8-9FDF-23C40CC762DD}.Debug|x64.Build.0 = Debug|x64
		{529308C2-D50A-40C8-9FDF-23C40CC762DD}.Debug|x86.ActiveCfg = Debug|Any CPU
		{529308C2-D50A-40C8-9FDF-23C40CC762DD}.Debug|x86.Build.0 = Debug|Any CPU
		{529308C2-D50A-40C8-9FDF-23C40CC762DD}.Release|Any CPU.ActiveCfg = Release|Any CPU
		{529308C2-D50A-40C8-9FDF-23C40CC762DD}.Release|Any CPU.Build.0 = Release|Any CPU
		{529308C2-D50A-40C8-9FDF-23C40CC762DD}.Release|Mixed Platforms.ActiveCfg = Release|Any CPU
		{529308C2-D50A-40C8-9FDF-23C40CC762DD}.Release|Mixed Platforms.Build.0 = Release|Any CPU
		{529308C2-D50A-40C8-9FDF-23C40CC762DD}.Release|x64.ActiveCfg = Release|x64
		{529308C2-D50A-40C8-9FDF-23C40CC762DD}.Release|x64.Build.0 = Release|x64
		{529308C2-D50A-40C8-9FDF-23C40CC762DD}.Release|x86.ActiveCfg = Release|Any CPU
		{529308C2-D50A-40C8-9FDF-23C40CC762DD}.Release|x86.Build.0 = Release|Any CPU
		{CBF4566A-5CBE-4821-883C-DDB9DC24D716}.Debug|Any CPU.ActiveCfg = Debug|Any CPU
		{CBF4566A-5CBE-4821-883C-DDB9DC24D716}.Debug|Any CPU.Build.0 = Debug|Any CPU
		{CBF4566A-5CBE-4821-883C-DDB9DC24D716}.Debug|Mixed Platforms.ActiveCfg = Debug|Any CPU
		{CBF4566A-5CBE-4821-883C-DDB9DC24D716}.Debug|Mixed Platforms.Build.0 = Debug|Any CPU
		{CBF4566A-5CBE-4821-883C-DDB9DC24D716}.Debug|x64.ActiveCfg = Debug|x64
		{CBF4566A-5CBE-4821-883C-DDB9DC24D716}.Debug|x64.Build.0 = Debug|x64
		{CBF4566A-5CBE-4821-883C-DDB9DC24D716}.Debug|x86.ActiveCfg = Debug|Any CPU
		{CBF4566A-5CBE-4821-883C-DDB9DC24D716}.Debug|x86.Build.0 = Debug|Any CPU
		{CBF4566A-5CBE-4821-883C-DDB9DC24D716}.Release|Any CPU.ActiveCfg = Release|Any CPU
		{CBF4566A-5CBE-4821-883C-DDB9DC24D716}.Release|Any CPU.Build.0 = Release|Any CPU
		{CBF4566A-5CBE-4821-883C-DDB9DC24D716}.Release|Mixed Platforms.ActiveCfg = Release|Any CPU
		{CBF4566A-5CBE-4821-883C-DDB9DC24D716}.Release|Mixed Platforms.Build.0 = Release|Any CPU
		{CBF4566A-5CBE-4821-883C-DDB9DC24D716}.Release|x64.ActiveCfg = Release|x64
		{CBF4566A-5CBE-4821-883C-DDB9DC24D716}.Release|x64.Build.0 = Release|x64
		{CBF4566A-5CBE-4821-883C-DDB9DC24D716}.Release|x86.ActiveCfg = Release|Any CPU
		{CBF4566A-5CBE-4821-883C-DDB9DC24D716}.Release|x86.Build.0 = Release|Any CPU
		{4F63E845-351D-48C9-A7B2-E28982FBD337}.Debug|Any CPU.ActiveCfg = Debug|Any CPU
		{4F63E845-351D-48C9-A7B2-E28982FBD337}.Debug|Any CPU.Build.0 = Debug|Any CPU
		{4F63E845-351D-48C9-A7B2-E28982FBD337}.Debug|Mixed Platforms.ActiveCfg = Debug|Any CPU
		{4F63E845-351D-48C9-A7B2-E28982FBD337}.Debug|Mixed Platforms.Build.0 = Debug|Any CPU
		{4F63E845-351D-48C9-A7B2-E28982FBD337}.Debug|x64.ActiveCfg = Debug|x64
		{4F63E845-351D-48C9-A7B2-E28982FBD337}.Debug|x64.Build.0 = Debug|x64
		{4F63E845-351D-48C9-A7B2-E28982FBD337}.Debug|x86.ActiveCfg = Debug|Any CPU
		{4F63E845-351D-48C9-A7B2-E28982FBD337}.Debug|x86.Build.0 = Debug|Any CPU
		{4F63E845-351D-48C9-A7B2-E28982FBD337}.Release|Any CPU.ActiveCfg = Release|Any CPU
		{4F63E845-351D-48C9-A7B2-E28982FBD337}.Release|Any CPU.Build.0 = Release|Any CPU
		{4F63E845-351D-48C9-A7B2-E28982FBD337}.Release|Mixed Platforms.ActiveCfg = Release|Any CPU
		{4F63E845-351D-48C9-A7B2-E28982FBD337}.Release|Mixed Platforms.Build.0 = Release|Any CPU
		{4F63E845-351D-48C9-A7B2-E28982FBD337}.Release|x64.ActiveCfg = Release|x64
		{4F63E845-351D-48C9-A7B2-E28982FBD337}.Release|x64.Build.0 = Release|x64
		{4F63E845-351D-48C9-A7B2-E28982FBD337}.Release|x86.ActiveCfg = Release|Any CPU
		{4F63E845-351D-48C9-A7B2-E28982FBD337}.Release|x86.Build.0 = Release|Any CPU
		{AE24D757-D480-4CAA-BE1F-64F76E32AEB8}.Debug|Any CPU.ActiveCfg = Debug|Any CPU
		{AE24D757-D480-4CAA-BE1F-64F76E32AEB8}.Debug|Any CPU.Build.0 = Debug|Any CPU
		{AE24D757-D480-4CAA-BE1F-64F76E32AEB8}.Debug|Mixed Platforms.ActiveCfg = Debug|Any CPU
		{AE24D757-D480-4CAA-BE1F-64F76E32AEB8}.Debug|Mixed Platforms.Build.0 = Debug|Any CPU
		{AE24D757-D480-4CAA-BE1F-64F76E32AEB8}.Debug|x64.ActiveCfg = Debug|x64
		{AE24D757-D480-4CAA-BE1F-64F76E32AEB8}.Debug|x64.Build.0 = Debug|x64
		{AE24D757-D480-4CAA-BE1F-64F76E32AEB8}.Debug|x86.ActiveCfg = Debug|Any CPU
		{AE24D757-D480-4CAA-BE1F-64F76E32AEB8}.Debug|x86.Build.0 = Debug|Any CPU
		{AE24D757-D480-4CAA-BE1F-64F76E32AEB8}.Release|Any CPU.ActiveCfg = Release|Any CPU
		{AE24D757-D480-4CAA-BE1F-64F76E32AEB8}.Release|Any CPU.Build.0 = Release|Any CPU
		{AE24D757-D480-4CAA-BE1F-64F76E32AEB8}.Release|Mixed Platforms.ActiveCfg = Release|Any CPU
		{AE24D757-D480-4CAA-BE1F-64F76E32AEB8}.Release|Mixed Platforms.Build.0 = Release|Any CPU
		{AE24D757-D480-4CAA-BE1F-64F76E32AEB8}.Release|x64.ActiveCfg = Release|x64
		{AE24D757-D480-4CAA-BE1F-64F76E32AEB8}.Release|x64.Build.0 = Release|x64
		{AE24D757-D480-4CAA-BE1F-64F76E32AEB8}.Release|x86.ActiveCfg = Release|Any CPU
		{AE24D757-D480-4CAA-BE1F-64F76E32AEB8}.Release|x86.Build.0 = Release|Any CPU
		{58565863-75A1-494F-BE49-36779FA494E9}.Debug|Any CPU.ActiveCfg = Debug|Any CPU
		{58565863-75A1-494F-BE49-36779FA494E9}.Debug|Any CPU.Build.0 = Debug|Any CPU
		{58565863-75A1-494F-BE49-36779FA494E9}.Debug|Mixed Platforms.ActiveCfg = Debug|Any CPU
		{58565863-75A1-494F-BE49-36779FA494E9}.Debug|Mixed Platforms.Build.0 = Debug|Any CPU
		{58565863-75A1-494F-BE49-36779FA494E9}.Debug|x64.ActiveCfg = Debug|x64
		{58565863-75A1-494F-BE49-36779FA494E9}.Debug|x64.Build.0 = Debug|x64
		{58565863-75A1-494F-BE49-36779FA494E9}.Debug|x86.ActiveCfg = Debug|Any CPU
		{58565863-75A1-494F-BE49-36779FA494E9}.Debug|x86.Build.0 = Debug|Any CPU
		{58565863-75A1-494F-BE49-36779FA494E9}.Release|Any CPU.ActiveCfg = Release|Any CPU
		{58565863-75A1-494F-BE49-36779FA494E9}.Release|Any CPU.Build.0 = Release|Any CPU
		{58565863-75A1-494F-BE49-36779FA494E9}.Release|Mixed Platforms.ActiveCfg = Release|Any CPU
		{58565863-75A1-494F-BE49-36779FA494E9}.Release|Mixed Platforms.Build.0 = Release|Any CPU
		{58565863-75A1-494F-BE49-36779FA494E9}.Release|x64.ActiveCfg = Release|x64
		{58565863-75A1-494F-BE49-36779FA494E9}.Release|x64.Build.0 = Release|x64
		{58565863-75A1-494F-BE49-36779FA494E9}.Release|x86.ActiveCfg = Release|Any CPU
		{58565863-75A1-494F-BE49-36779FA494E9}.Release|x86.Build.0 = Release|Any CPU
		{F5D8539D-2F6E-4355-A1ED-E2B6F1B09B50}.Debug|Any CPU.ActiveCfg = Debug|Any CPU
		{F5D8539D-2F6E-4355-A1ED-E2B6F1B09B50}.Debug|Any CPU.Build.0 = Debug|Any CPU
		{F5D8539D-2F6E-4355-A1ED-E2B6F1B09B50}.Debug|Mixed Platforms.ActiveCfg = Debug|Any CPU
		{F5D8539D-2F6E-4355-A1ED-E2B6F1B09B50}.Debug|Mixed Platforms.Build.0 = Debug|Any CPU
		{F5D8539D-2F6E-4355-A1ED-E2B6F1B09B50}.Debug|x64.ActiveCfg = Debug|x64
		{F5D8539D-2F6E-4355-A1ED-E2B6F1B09B50}.Debug|x64.Build.0 = Debug|x64
		{F5D8539D-2F6E-4355-A1ED-E2B6F1B09B50}.Debug|x86.ActiveCfg = Debug|Any CPU
		{F5D8539D-2F6E-4355-A1ED-E2B6F1B09B50}.Debug|x86.Build.0 = Debug|Any CPU
		{F5D8539D-2F6E-4355-A1ED-E2B6F1B09B50}.Release|Any CPU.ActiveCfg = Release|Any CPU
		{F5D8539D-2F6E-4355-A1ED-E2B6F1B09B50}.Release|Any CPU.Build.0 = Release|Any CPU
		{F5D8539D-2F6E-4355-A1ED-E2B6F1B09B50}.Release|Mixed Platforms.ActiveCfg = Release|Any CPU
		{F5D8539D-2F6E-4355-A1ED-E2B6F1B09B50}.Release|Mixed Platforms.Build.0 = Release|Any CPU
		{F5D8539D-2F6E-4355-A1ED-E2B6F1B09B50}.Release|x64.ActiveCfg = Release|x64
		{F5D8539D-2F6E-4355-A1ED-E2B6F1B09B50}.Release|x64.Build.0 = Release|x64
		{F5D8539D-2F6E-4355-A1ED-E2B6F1B09B50}.Release|x86.ActiveCfg = Release|Any CPU
		{F5D8539D-2F6E-4355-A1ED-E2B6F1B09B50}.Release|x86.Build.0 = Release|Any CPU
		{C4E95AC0-D684-48F5-8ED2-20AA73CBC52E}.Debug|Any CPU.ActiveCfg = Debug|Any CPU
		{C4E95AC0-D684-48F5-8ED2-20AA73CBC52E}.Debug|Any CPU.Build.0 = Debug|Any CPU
		{C4E95AC0-D684-48F5-8ED2-20AA73CBC52E}.Debug|Mixed Platforms.ActiveCfg = Debug|Any CPU
		{C4E95AC0-D684-48F5-8ED2-20AA73CBC52E}.Debug|Mixed Platforms.Build.0 = Debug|Any CPU
		{C4E95AC0-D684-48F5-8ED2-20AA73CBC52E}.Debug|x64.ActiveCfg = Debug|x64
		{C4E95AC0-D684-48F5-8ED2-20AA73CBC52E}.Debug|x64.Build.0 = Debug|x64
		{C4E95AC0-D684-48F5-8ED2-20AA73CBC52E}.Debug|x86.ActiveCfg = Debug|Any CPU
		{C4E95AC0-D684-48F5-8ED2-20AA73CBC52E}.Debug|x86.Build.0 = Debug|Any CPU
		{C4E95AC0-D684-48F5-8ED2-20AA73CBC52E}.Release|Any CPU.ActiveCfg = Release|Any CPU
		{C4E95AC0-D684-48F5-8ED2-20AA73CBC52E}.Release|Any CPU.Build.0 = Release|Any CPU
		{C4E95AC0-D684-48F5-8ED2-20AA73CBC52E}.Release|Mixed Platforms.ActiveCfg = Release|Any CPU
		{C4E95AC0-D684-48F5-8ED2-20AA73CBC52E}.Release|Mixed Platforms.Build.0 = Release|Any CPU
		{C4E95AC0-D684-48F5-8ED2-20AA73CBC52E}.Release|x64.ActiveCfg = Release|x64
		{C4E95AC0-D684-48F5-8ED2-20AA73CBC52E}.Release|x64.Build.0 = Release|x64
		{C4E95AC0-D684-48F5-8ED2-20AA73CBC52E}.Release|x86.ActiveCfg = Release|Any CPU
		{C4E95AC0-D684-48F5-8ED2-20AA73CBC52E}.Release|x86.Build.0 = Release|Any CPU
		{0497945C-FC2C-4001-9A65-59F5A4D049CE}.Debug|Any CPU.ActiveCfg = Debug|Any CPU
		{0497945C-FC2C-4001-9A65-59F5A4D049CE}.Debug|Any CPU.Build.0 = Debug|Any CPU
		{0497945C-FC2C-4001-9A65-59F5A4D049CE}.Debug|Mixed Platforms.ActiveCfg = Debug|Any CPU
		{0497945C-FC2C-4001-9A65-59F5A4D049CE}.Debug|Mixed Platforms.Build.0 = Debug|Any CPU
		{0497945C-FC2C-4001-9A65-59F5A4D049CE}.Debug|x64.ActiveCfg = Debug|x64
		{0497945C-FC2C-4001-9A65-59F5A4D049CE}.Debug|x64.Build.0 = Debug|x64
		{0497945C-FC2C-4001-9A65-59F5A4D049CE}.Debug|x86.ActiveCfg = Debug|Any CPU
		{0497945C-FC2C-4001-9A65-59F5A4D049CE}.Debug|x86.Build.0 = Debug|Any CPU
		{0497945C-FC2C-4001-9A65-59F5A4D049CE}.Release|Any CPU.ActiveCfg = Release|Any CPU
		{0497945C-FC2C-4001-9A65-59F5A4D049CE}.Release|Any CPU.Build.0 = Release|Any CPU
		{0497945C-FC2C-4001-9A65-59F5A4D049CE}.Release|Mixed Platforms.ActiveCfg = Release|Any CPU
		{0497945C-FC2C-4001-9A65-59F5A4D049CE}.Release|Mixed Platforms.Build.0 = Release|Any CPU
		{0497945C-FC2C-4001-9A65-59F5A4D049CE}.Release|x64.ActiveCfg = Release|x64
		{0497945C-FC2C-4001-9A65-59F5A4D049CE}.Release|x64.Build.0 = Release|x64
		{0497945C-FC2C-4001-9A65-59F5A4D049CE}.Release|x86.ActiveCfg = Release|Any CPU
		{0497945C-FC2C-4001-9A65-59F5A4D049CE}.Release|x86.Build.0 = Release|Any CPU
		{EEA40754-7300-4348-9DE4-00C9DD31434A}.Debug|Any CPU.ActiveCfg = Debug|Any CPU
		{EEA40754-7300-4348-9DE4-00C9DD31434A}.Debug|Any CPU.Build.0 = Debug|Any CPU
		{EEA40754-7300-4348-9DE4-00C9DD31434A}.Debug|Mixed Platforms.ActiveCfg = Debug|Any CPU
		{EEA40754-7300-4348-9DE4-00C9DD31434A}.Debug|Mixed Platforms.Build.0 = Debug|Any CPU
		{EEA40754-7300-4348-9DE4-00C9DD31434A}.Debug|x64.ActiveCfg = Debug|x64
		{EEA40754-7300-4348-9DE4-00C9DD31434A}.Debug|x64.Build.0 = Debug|x64
		{EEA40754-7300-4348-9DE4-00C9DD31434A}.Debug|x86.ActiveCfg = Debug|Any CPU
		{EEA40754-7300-4348-9DE4-00C9DD31434A}.Debug|x86.Build.0 = Debug|Any CPU
		{EEA40754-7300-4348-9DE4-00C9DD31434A}.Release|Any CPU.ActiveCfg = Release|Any CPU
		{EEA40754-7300-4348-9DE4-00C9DD31434A}.Release|Any CPU.Build.0 = Release|Any CPU
		{EEA40754-7300-4348-9DE4-00C9DD31434A}.Release|Mixed Platforms.ActiveCfg = Release|Any CPU
		{EEA40754-7300-4348-9DE4-00C9DD31434A}.Release|Mixed Platforms.Build.0 = Release|Any CPU
		{EEA40754-7300-4348-9DE4-00C9DD31434A}.Release|x64.ActiveCfg = Release|x64
		{EEA40754-7300-4348-9DE4-00C9DD31434A}.Release|x64.Build.0 = Release|x64
		{EEA40754-7300-4348-9DE4-00C9DD31434A}.Release|x86.ActiveCfg = Release|Any CPU
		{EEA40754-7300-4348-9DE4-00C9DD31434A}.Release|x86.Build.0 = Release|Any CPU
		{46063A35-0914-4945-94B4-55BF8622284C}.Debug|Any CPU.ActiveCfg = Debug|Any CPU
		{46063A35-0914-4945-94B4-55BF8622284C}.Debug|Any CPU.Build.0 = Debug|Any CPU
		{46063A35-0914-4945-94B4-55BF8622284C}.Debug|Mixed Platforms.ActiveCfg = Debug|Any CPU
		{46063A35-0914-4945-94B4-55BF8622284C}.Debug|Mixed Platforms.Build.0 = Debug|Any CPU
		{46063A35-0914-4945-94B4-55BF8622284C}.Debug|x64.ActiveCfg = Debug|x64
		{46063A35-0914-4945-94B4-55BF8622284C}.Debug|x64.Build.0 = Debug|x64
		{46063A35-0914-4945-94B4-55BF8622284C}.Debug|x86.ActiveCfg = Debug|Any CPU
		{46063A35-0914-4945-94B4-55BF8622284C}.Debug|x86.Build.0 = Debug|Any CPU
		{46063A35-0914-4945-94B4-55BF8622284C}.Release|Any CPU.ActiveCfg = Release|Any CPU
		{46063A35-0914-4945-94B4-55BF8622284C}.Release|Any CPU.Build.0 = Release|Any CPU
		{46063A35-0914-4945-94B4-55BF8622284C}.Release|Mixed Platforms.ActiveCfg = Release|Any CPU
		{46063A35-0914-4945-94B4-55BF8622284C}.Release|Mixed Platforms.Build.0 = Release|Any CPU
		{46063A35-0914-4945-94B4-55BF8622284C}.Release|x64.ActiveCfg = Release|x64
		{46063A35-0914-4945-94B4-55BF8622284C}.Release|x64.Build.0 = Release|x64
		{46063A35-0914-4945-94B4-55BF8622284C}.Release|x86.ActiveCfg = Release|Any CPU
		{46063A35-0914-4945-94B4-55BF8622284C}.Release|x86.Build.0 = Release|Any CPU
		{5B34621B-2D0A-4B4A-B117-09DE9E0F077E}.Debug|Any CPU.ActiveCfg = Debug|Any CPU
		{5B34621B-2D0A-4B4A-B117-09DE9E0F077E}.Debug|Any CPU.Build.0 = Debug|Any CPU
		{5B34621B-2D0A-4B4A-B117-09DE9E0F077E}.Debug|Mixed Platforms.ActiveCfg = Debug|Any CPU
		{5B34621B-2D0A-4B4A-B117-09DE9E0F077E}.Debug|Mixed Platforms.Build.0 = Debug|Any CPU
		{5B34621B-2D0A-4B4A-B117-09DE9E0F077E}.Debug|x64.ActiveCfg = Debug|x64
		{5B34621B-2D0A-4B4A-B117-09DE9E0F077E}.Debug|x64.Build.0 = Debug|x64
		{5B34621B-2D0A-4B4A-B117-09DE9E0F077E}.Debug|x86.ActiveCfg = Debug|Any CPU
		{5B34621B-2D0A-4B4A-B117-09DE9E0F077E}.Debug|x86.Build.0 = Debug|Any CPU
		{5B34621B-2D0A-4B4A-B117-09DE9E0F077E}.Release|Any CPU.ActiveCfg = Release|Any CPU
		{5B34621B-2D0A-4B4A-B117-09DE9E0F077E}.Release|Any CPU.Build.0 = Release|Any CPU
		{5B34621B-2D0A-4B4A-B117-09DE9E0F077E}.Release|Mixed Platforms.ActiveCfg = Release|Any CPU
		{5B34621B-2D0A-4B4A-B117-09DE9E0F077E}.Release|Mixed Platforms.Build.0 = Release|Any CPU
		{5B34621B-2D0A-4B4A-B117-09DE9E0F077E}.Release|x64.ActiveCfg = Release|x64
		{5B34621B-2D0A-4B4A-B117-09DE9E0F077E}.Release|x64.Build.0 = Release|x64
		{5B34621B-2D0A-4B4A-B117-09DE9E0F077E}.Release|x86.ActiveCfg = Release|Any CPU
		{5B34621B-2D0A-4B4A-B117-09DE9E0F077E}.Release|x86.Build.0 = Release|Any CPU
		{E21499ED-B59D-4177-A4A5-526D471CFC60}.Debug|Any CPU.ActiveCfg = Debug|Any CPU
		{E21499ED-B59D-4177-A4A5-526D471CFC60}.Debug|Any CPU.Build.0 = Debug|Any CPU
		{E21499ED-B59D-4177-A4A5-526D471CFC60}.Debug|Mixed Platforms.ActiveCfg = Debug|Any CPU
		{E21499ED-B59D-4177-A4A5-526D471CFC60}.Debug|Mixed Platforms.Build.0 = Debug|Any CPU
		{E21499ED-B59D-4177-A4A5-526D471CFC60}.Debug|x64.ActiveCfg = Debug|x64
		{E21499ED-B59D-4177-A4A5-526D471CFC60}.Debug|x64.Build.0 = Debug|x64
		{E21499ED-B59D-4177-A4A5-526D471CFC60}.Debug|x86.ActiveCfg = Debug|Any CPU
		{E21499ED-B59D-4177-A4A5-526D471CFC60}.Debug|x86.Build.0 = Debug|Any CPU
		{E21499ED-B59D-4177-A4A5-526D471CFC60}.Release|Any CPU.ActiveCfg = Release|Any CPU
		{E21499ED-B59D-4177-A4A5-526D471CFC60}.Release|Any CPU.Build.0 = Release|Any CPU
		{E21499ED-B59D-4177-A4A5-526D471CFC60}.Release|Mixed Platforms.ActiveCfg = Release|Any CPU
		{E21499ED-B59D-4177-A4A5-526D471CFC60}.Release|Mixed Platforms.Build.0 = Release|Any CPU
		{E21499ED-B59D-4177-A4A5-526D471CFC60}.Release|x64.ActiveCfg = Release|x64
		{E21499ED-B59D-4177-A4A5-526D471CFC60}.Release|x64.Build.0 = Release|x64
		{E21499ED-B59D-4177-A4A5-526D471CFC60}.Release|x86.ActiveCfg = Release|Any CPU
		{E21499ED-B59D-4177-A4A5-526D471CFC60}.Release|x86.Build.0 = Release|Any CPU
		{246A33A8-2E28-4827-971A-C6C92D902CAB}.Debug|Any CPU.ActiveCfg = Debug|Any CPU
		{246A33A8-2E28-4827-971A-C6C92D902CAB}.Debug|Any CPU.Build.0 = Debug|Any CPU
		{246A33A8-2E28-4827-971A-C6C92D902CAB}.Debug|Mixed Platforms.ActiveCfg = Debug|Any CPU
		{246A33A8-2E28-4827-971A-C6C92D902CAB}.Debug|Mixed Platforms.Build.0 = Debug|Any CPU
		{246A33A8-2E28-4827-971A-C6C92D902CAB}.Debug|x64.ActiveCfg = Debug|x64
		{246A33A8-2E28-4827-971A-C6C92D902CAB}.Debug|x64.Build.0 = Debug|x64
		{246A33A8-2E28-4827-971A-C6C92D902CAB}.Debug|x86.ActiveCfg = Debug|Any CPU
		{246A33A8-2E28-4827-971A-C6C92D902CAB}.Debug|x86.Build.0 = Debug|Any CPU
		{246A33A8-2E28-4827-971A-C6C92D902CAB}.Release|Any CPU.ActiveCfg = Release|Any CPU
		{246A33A8-2E28-4827-971A-C6C92D902CAB}.Release|Any CPU.Build.0 = Release|Any CPU
		{246A33A8-2E28-4827-971A-C6C92D902CAB}.Release|Mixed Platforms.ActiveCfg = Release|Any CPU
		{246A33A8-2E28-4827-971A-C6C92D902CAB}.Release|Mixed Platforms.Build.0 = Release|Any CPU
		{246A33A8-2E28-4827-971A-C6C92D902CAB}.Release|x64.ActiveCfg = Release|x64
		{246A33A8-2E28-4827-971A-C6C92D902CAB}.Release|x64.Build.0 = Release|x64
		{246A33A8-2E28-4827-971A-C6C92D902CAB}.Release|x86.ActiveCfg = Release|Any CPU
		{246A33A8-2E28-4827-971A-C6C92D902CAB}.Release|x86.Build.0 = Release|Any CPU
		{8AB419B9-AE38-4E51-A27C-855D159A6335}.Debug|Any CPU.ActiveCfg = Debug|Any CPU
		{8AB419B9-AE38-4E51-A27C-855D159A6335}.Debug|Any CPU.Build.0 = Debug|Any CPU
		{8AB419B9-AE38-4E51-A27C-855D159A6335}.Debug|Mixed Platforms.ActiveCfg = Debug|Any CPU
		{8AB419B9-AE38-4E51-A27C-855D159A6335}.Debug|Mixed Platforms.Build.0 = Debug|Any CPU
		{8AB419B9-AE38-4E51-A27C-855D159A6335}.Debug|x64.ActiveCfg = Debug|x64
		{8AB419B9-AE38-4E51-A27C-855D159A6335}.Debug|x64.Build.0 = Debug|x64
		{8AB419B9-AE38-4E51-A27C-855D159A6335}.Debug|x86.ActiveCfg = Debug|Any CPU
		{8AB419B9-AE38-4E51-A27C-855D159A6335}.Debug|x86.Build.0 = Debug|Any CPU
		{8AB419B9-AE38-4E51-A27C-855D159A6335}.Release|Any CPU.ActiveCfg = Release|Any CPU
		{8AB419B9-AE38-4E51-A27C-855D159A6335}.Release|Any CPU.Build.0 = Release|Any CPU
		{8AB419B9-AE38-4E51-A27C-855D159A6335}.Release|Mixed Platforms.ActiveCfg = Release|Any CPU
		{8AB419B9-AE38-4E51-A27C-855D159A6335}.Release|Mixed Platforms.Build.0 = Release|Any CPU
		{8AB419B9-AE38-4E51-A27C-855D159A6335}.Release|x64.ActiveCfg = Release|x64
		{8AB419B9-AE38-4E51-A27C-855D159A6335}.Release|x64.Build.0 = Release|x64
		{8AB419B9-AE38-4E51-A27C-855D159A6335}.Release|x86.ActiveCfg = Release|Any CPU
		{8AB419B9-AE38-4E51-A27C-855D159A6335}.Release|x86.Build.0 = Release|Any CPU
	EndGlobalSection
	GlobalSection(SolutionProperties) = preSolution
		HideSolutionNode = FALSE
	EndGlobalSection
	GlobalSection(ExtensibilityGlobals) = postSolution
		SolutionGuid = {08942126-700E-462C-9096-4F704E58E3C6}
		EnterpriseLibraryConfigurationToolBinariesPathV6 = packages\EnterpriseLibrary.Common.6.0.1304.0\lib\NET45;packages\EnterpriseLibrary.Data.6.0.1304.0\lib\NET45;packages\EnterpriseLibrary.ExceptionHandling.6.0.1304.0\lib\NET45;packages\EnterpriseLibrary.Logging.6.0.1304.0\lib\NET45;packages\EnterpriseLibrary.ExceptionHandling.Logging.6.0.1304.0\lib\NET45;packages\EnterpriseLibrary.Logging.Database.6.0.1304.0\lib\NET45
	EndGlobalSection
EndGlobal
